// !$*UTF8*$!
{
	archiveVersion = 1;
	classes = {
	};
	objectVersion = 51;
	objects = {

/* Begin PBXBuildFile section */
		1CA5C392CE37392557119E2C /* Pods_All_PhotoKeyboardExOrigin.framework in Frameworks */ = {isa = PBXBuildFile; fileRef = FB608B8ADF531C152159F030 /* Pods_All_PhotoKeyboardExOrigin.framework */; };
		2A5293AE4B1CE75911AAD26B /* Pods_PhotoKeyboardExUITests.framework in Frameworks */ = {isa = PBXBuildFile; fileRef = A59BCD0729283AE61EFE4B7A /* Pods_PhotoKeyboardExUITests.framework */; };
		3ACE86CEBB02C3D24A38DC01 /* Pods_PhotoKeyboardExTests.framework in Frameworks */ = {isa = PBXBuildFile; fileRef = 1167ECE4863AEFBA7C7F8D46 /* Pods_PhotoKeyboardExTests.framework */; };
		821ABDD8230C641600B3DCFE /* Usage.storyboard in Resources */ = {isa = PBXBuildFile; fileRef = 821ABDD7230C641600B3DCFE /* Usage.storyboard */; };
		821ABDDA230C642A00B3DCFE /* UsageViewController.swift in Sources */ = {isa = PBXBuildFile; fileRef = 821ABDD9230C642A00B3DCFE /* UsageViewController.swift */; };
		821ABDDC230EC43E00B3DCFE /* DefaultsKeys.swift in Sources */ = {isa = PBXBuildFile; fileRef = 821ABDDB230EC43E00B3DCFE /* DefaultsKeys.swift */; };
		821ABDDE230F80D900B3DCFE /* WelcomeViewController.swift in Sources */ = {isa = PBXBuildFile; fileRef = 821ABDDD230F80D800B3DCFE /* WelcomeViewController.swift */; };
		821ABDE0230F80E300B3DCFE /* Welcome.storyboard in Resources */ = {isa = PBXBuildFile; fileRef = 821ABDDF230F80E300B3DCFE /* Welcome.storyboard */; };
		822137092302F1560046E095 /* GenreTag.swift in Sources */ = {isa = PBXBuildFile; fileRef = 822137082302F1550046E095 /* GenreTag.swift */; };
		8221370B2304D1A60046E095 /* Extension.swift in Sources */ = {isa = PBXBuildFile; fileRef = 8221370A2304D1A60046E095 /* Extension.swift */; };
		822F932F22F72A0C006998E2 /* Pods_All_PhotoKeyboardEx.framework in Frameworks */ = {isa = PBXBuildFile; fileRef = 0903A86298C04802358C6F2B /* Pods_All_PhotoKeyboardEx.framework */; };
		823FA91622FC39D10041F145 /* ColorMG.swift in Sources */ = {isa = PBXBuildFile; fileRef = 823FA91522FC39D10041F145 /* ColorMG.swift */; };
		824E1FC622FF79D2007D0883 /* FirePhoto.swift in Sources */ = {isa = PBXBuildFile; fileRef = 824E1FC522FF79D2007D0883 /* FirePhoto.swift */; };
		8258686122F2302D002941F4 /* PhotoCollectionViewCell.xib in Resources */ = {isa = PBXBuildFile; fileRef = 8258685822F2302C002941F4 /* PhotoCollectionViewCell.xib */; };
		8258686222F2302D002941F4 /* Media.xcassets in Resources */ = {isa = PBXBuildFile; fileRef = 8258685922F2302C002941F4 /* Media.xcassets */; };
		8258686322F2302D002941F4 /* KeyboardViewController.swift in Sources */ = {isa = PBXBuildFile; fileRef = 8258685A22F2302C002941F4 /* KeyboardViewController.swift */; };
		8258686422F2302D002941F4 /* LottieFile in Resources */ = {isa = PBXBuildFile; fileRef = 8258685B22F2302C002941F4 /* LottieFile */; };
		8258686622F2302D002941F4 /* MainKBView.xib in Resources */ = {isa = PBXBuildFile; fileRef = 8258685D22F2302D002941F4 /* MainKBView.xib */; };
		8258686922F2302D002941F4 /* PhotoCollectionViewCell.swift in Sources */ = {isa = PBXBuildFile; fileRef = 8258686022F2302D002941F4 /* PhotoCollectionViewCell.swift */; };
		826D657F22F831B500F66583 /* RealmManager.swift in Sources */ = {isa = PBXBuildFile; fileRef = 826D657E22F831B500F66583 /* RealmManager.swift */; };
		826D658122F99EC500F66583 /* Pods_All_PhotoKeyboardFramework.framework in Frameworks */ = {isa = PBXBuildFile; fileRef = 826D658022F99EC500F66583 /* Pods_All_PhotoKeyboardFramework.framework */; };
		82725B7023421E5100CEA27F /* TextCollectionViewCell.swift in Sources */ = {isa = PBXBuildFile; fileRef = 82725B6E23421E5100CEA27F /* TextCollectionViewCell.swift */; };
		82725B7123421E5100CEA27F /* TextCollectionViewCell.xib in Resources */ = {isa = PBXBuildFile; fileRef = 82725B6F23421E5100CEA27F /* TextCollectionViewCell.xib */; };
		8278D13A22EE5A700034C2CC /* AppDelegate.swift in Sources */ = {isa = PBXBuildFile; fileRef = 8278D13922EE5A700034C2CC /* AppDelegate.swift */; };
		8278D13F22EE5A700034C2CC /* Main.storyboard in Resources */ = {isa = PBXBuildFile; fileRef = 8278D13D22EE5A700034C2CC /* Main.storyboard */; };
		8278D14122EE5A730034C2CC /* Assets.xcassets in Resources */ = {isa = PBXBuildFile; fileRef = 8278D14022EE5A730034C2CC /* Assets.xcassets */; };
		8278D14422EE5A730034C2CC /* LaunchScreen.storyboard in Resources */ = {isa = PBXBuildFile; fileRef = 8278D14222EE5A730034C2CC /* LaunchScreen.storyboard */; };
		8278D14F22EE5A730034C2CC /* PhotoKeyboardExTests.swift in Sources */ = {isa = PBXBuildFile; fileRef = 8278D14E22EE5A730034C2CC /* PhotoKeyboardExTests.swift */; };
		8278D15A22EE5A730034C2CC /* PhotoKeyboardExUITests.swift in Sources */ = {isa = PBXBuildFile; fileRef = 8278D15922EE5A730034C2CC /* PhotoKeyboardExUITests.swift */; };
		8278D17222EE5AC30034C2CC /* PhotoKeyboardExOrigin.appex in Embed App Extensions */ = {isa = PBXBuildFile; fileRef = 8278D16B22EE5AC30034C2CC /* PhotoKeyboardExOrigin.appex */; settings = {ATTRIBUTES = (RemoveHeadersOnCopy, ); }; };
		8280C03B22F24DE20069BF8B /* ColorManager.swift in Sources */ = {isa = PBXBuildFile; fileRef = 8280C03A22F24DE20069BF8B /* ColorManager.swift */; };
		8280C03D22F454B80069BF8B /* Add.storyboard in Resources */ = {isa = PBXBuildFile; fileRef = 8280C03C22F454B80069BF8B /* Add.storyboard */; };
		8280C03F22F454D20069BF8B /* AddViewController.swift in Sources */ = {isa = PBXBuildFile; fileRef = 8280C03E22F454D20069BF8B /* AddViewController.swift */; };
		8280C04222F455170069BF8B /* PhotoCollectionViewCell.swift in Sources */ = {isa = PBXBuildFile; fileRef = 8280C04022F455170069BF8B /* PhotoCollectionViewCell.swift */; };
		8280C04322F455170069BF8B /* PhotoCollectionViewCell.xib in Resources */ = {isa = PBXBuildFile; fileRef = 8280C04122F455170069BF8B /* PhotoCollectionViewCell.xib */; };
		8280C04522F47D400069BF8B /* MainTabViewController.swift in Sources */ = {isa = PBXBuildFile; fileRef = 8280C04422F47D400069BF8B /* MainTabViewController.swift */; };
		8280C04722F481420069BF8B /* ChildContentViewController.swift in Sources */ = {isa = PBXBuildFile; fileRef = 8280C04622F481410069BF8B /* ChildContentViewController.swift */; };
		8280C04922F481490069BF8B /* ChildContent.storyboard in Resources */ = {isa = PBXBuildFile; fileRef = 8280C04822F481490069BF8B /* ChildContent.storyboard */; };
		82BB3A582328D49A003D830B /* LocalizeKey.swift in Sources */ = {isa = PBXBuildFile; fileRef = 82BB3A572328D499003D830B /* LocalizeKey.swift */; };
		82C7AEEF22FD90520073570E /* PhotoKeyboardFramework.framework in Frameworks */ = {isa = PBXBuildFile; fileRef = 82F9F3FA22F6B2610062F451 /* PhotoKeyboardFramework.framework */; };
		82EA891A2328D7280022832E /* CommonUtil.swift in Sources */ = {isa = PBXBuildFile; fileRef = 82EA89192328D7280022832E /* CommonUtil.swift */; };
		82EA891F2328D7E10022832E /* Localizable.strings in Resources */ = {isa = PBXBuildFile; fileRef = 82EA89212328D7E10022832E /* Localizable.strings */; };
		82EA8924232A8E380022832E /* UpdateExtention.swift in Sources */ = {isa = PBXBuildFile; fileRef = 82EA8923232A8E380022832E /* UpdateExtention.swift */; };
		82EA8926232AD4D10022832E /* GoogleService-Info.plist in Resources */ = {isa = PBXBuildFile; fileRef = 82EA8925232AD4D10022832E /* GoogleService-Info.plist */; };
		82EA8928232AD5030022832E /* GoogleService-Info.plist in Resources */ = {isa = PBXBuildFile; fileRef = 82EA8927232AD5020022832E /* GoogleService-Info.plist */; };
		82EA896C232D53530022832E /* NotificationService.swift in Sources */ = {isa = PBXBuildFile; fileRef = 82EA896B232D53530022832E /* NotificationService.swift */; };
		82EA8970232D53540022832E /* ServiceNotification.appex in Embed App Extensions */ = {isa = PBXBuildFile; fileRef = 82EA8969232D53530022832E /* ServiceNotification.appex */; settings = {ATTRIBUTES = (RemoveHeadersOnCopy, ); }; };
		82F9F3EE22F588290062F451 /* MainNavigationViewController.swift in Sources */ = {isa = PBXBuildFile; fileRef = 82F9F3ED22F588290062F451 /* MainNavigationViewController.swift */; };
		82F9F3F022F589400062F451 /* MainMenuTableViewController.swift in Sources */ = {isa = PBXBuildFile; fileRef = 82F9F3EF22F589400062F451 /* MainMenuTableViewController.swift */; };
		82F9F3F222F636FE0062F451 /* Extension.swift in Sources */ = {isa = PBXBuildFile; fileRef = 82F9F3F122F636FE0062F451 /* Extension.swift */; };
		82F9F40322F6B2610062F451 /* PhotoKeyboardFramework.framework in Frameworks */ = {isa = PBXBuildFile; fileRef = 82F9F3FA22F6B2610062F451 /* PhotoKeyboardFramework.framework */; };
		82F9F40A22F6B2610062F451 /* PhotoKeyboardFrameworkTests.swift in Sources */ = {isa = PBXBuildFile; fileRef = 82F9F40922F6B2610062F451 /* PhotoKeyboardFrameworkTests.swift */; };
		82F9F40C22F6B2610062F451 /* PhotoKeyboardFramework.h in Headers */ = {isa = PBXBuildFile; fileRef = 82F9F3FC22F6B2610062F451 /* PhotoKeyboardFramework.h */; settings = {ATTRIBUTES = (Public, ); }; };
		82F9F40F22F6B2610062F451 /* PhotoKeyboardFramework.framework in Frameworks */ = {isa = PBXBuildFile; fileRef = 82F9F3FA22F6B2610062F451 /* PhotoKeyboardFramework.framework */; };
		82F9F41022F6B2610062F451 /* PhotoKeyboardFramework.framework in Embed Frameworks */ = {isa = PBXBuildFile; fileRef = 82F9F3FA22F6B2610062F451 /* PhotoKeyboardFramework.framework */; settings = {ATTRIBUTES = (CodeSignOnCopy, RemoveHeadersOnCopy, ); }; };
		82F9F41922F6B2920062F451 /* Photo.swift in Sources */ = {isa = PBXBuildFile; fileRef = 82F9F41822F6B2920062F451 /* Photo.swift */; };
/* End PBXBuildFile section */

/* Begin PBXContainerItemProxy section */
		8278D14B22EE5A730034C2CC /* PBXContainerItemProxy */ = {
			isa = PBXContainerItemProxy;
			containerPortal = 8278D12E22EE5A700034C2CC /* Project object */;
			proxyType = 1;
			remoteGlobalIDString = 8278D13522EE5A700034C2CC;
			remoteInfo = PhotoKeyboardEx;
		};
		8278D15622EE5A730034C2CC /* PBXContainerItemProxy */ = {
			isa = PBXContainerItemProxy;
			containerPortal = 8278D12E22EE5A700034C2CC /* Project object */;
			proxyType = 1;
			remoteGlobalIDString = 8278D13522EE5A700034C2CC;
			remoteInfo = PhotoKeyboardEx;
		};
		8278D17022EE5AC30034C2CC /* PBXContainerItemProxy */ = {
			isa = PBXContainerItemProxy;
			containerPortal = 8278D12E22EE5A700034C2CC /* Project object */;
			proxyType = 1;
			remoteGlobalIDString = 8278D16A22EE5AC30034C2CC;
			remoteInfo = PhotoKeyboardExOrigin;
		};
		82EA896E232D53540022832E /* PBXContainerItemProxy */ = {
			isa = PBXContainerItemProxy;
			containerPortal = 8278D12E22EE5A700034C2CC /* Project object */;
			proxyType = 1;
			remoteGlobalIDString = 82EA8968232D53530022832E;
			remoteInfo = ServiceNotification;
		};
		82F9F40422F6B2610062F451 /* PBXContainerItemProxy */ = {
			isa = PBXContainerItemProxy;
			containerPortal = 8278D12E22EE5A700034C2CC /* Project object */;
			proxyType = 1;
			remoteGlobalIDString = 82F9F3F922F6B2610062F451;
			remoteInfo = PhotoKeyboardFramework;
		};
		82F9F40622F6B2610062F451 /* PBXContainerItemProxy */ = {
			isa = PBXContainerItemProxy;
			containerPortal = 8278D12E22EE5A700034C2CC /* Project object */;
			proxyType = 1;
			remoteGlobalIDString = 8278D13522EE5A700034C2CC;
			remoteInfo = PhotoKeyboardEx;
		};
		82F9F40D22F6B2610062F451 /* PBXContainerItemProxy */ = {
			isa = PBXContainerItemProxy;
			containerPortal = 8278D12E22EE5A700034C2CC /* Project object */;
			proxyType = 1;
			remoteGlobalIDString = 82F9F3F922F6B2610062F451;
			remoteInfo = PhotoKeyboardFramework;
		};
/* End PBXContainerItemProxy section */

/* Begin PBXCopyFilesBuildPhase section */
		8278D17622EE5AC30034C2CC /* Embed App Extensions */ = {
			isa = PBXCopyFilesBuildPhase;
			buildActionMask = 2147483647;
			dstPath = "";
			dstSubfolderSpec = 13;
			files = (
				8278D17222EE5AC30034C2CC /* PhotoKeyboardExOrigin.appex in Embed App Extensions */,
				82EA8970232D53540022832E /* ServiceNotification.appex in Embed App Extensions */,
			);
			name = "Embed App Extensions";
			runOnlyForDeploymentPostprocessing = 0;
		};
		82F9F41622F6B2610062F451 /* Embed Frameworks */ = {
			isa = PBXCopyFilesBuildPhase;
			buildActionMask = 2147483647;
			dstPath = "";
			dstSubfolderSpec = 10;
			files = (
				82F9F41022F6B2610062F451 /* PhotoKeyboardFramework.framework in Embed Frameworks */,
			);
			name = "Embed Frameworks";
			runOnlyForDeploymentPostprocessing = 0;
		};
/* End PBXCopyFilesBuildPhase section */

/* Begin PBXFileReference section */
		0903A86298C04802358C6F2B /* Pods_All_PhotoKeyboardEx.framework */ = {isa = PBXFileReference; explicitFileType = wrapper.framework; includeInIndex = 0; path = Pods_All_PhotoKeyboardEx.framework; sourceTree = BUILT_PRODUCTS_DIR; };
		0956F83AA570857F2DF6553E /* Pods_PhotoKeyboardEx.framework */ = {isa = PBXFileReference; explicitFileType = wrapper.framework; includeInIndex = 0; path = Pods_PhotoKeyboardEx.framework; sourceTree = BUILT_PRODUCTS_DIR; };
		1167ECE4863AEFBA7C7F8D46 /* Pods_PhotoKeyboardExTests.framework */ = {isa = PBXFileReference; explicitFileType = wrapper.framework; includeInIndex = 0; path = Pods_PhotoKeyboardExTests.framework; sourceTree = BUILT_PRODUCTS_DIR; };
		286250ADBF3AA73F7083531C /* Pods-PhotoKeyboardEx.release.xcconfig */ = {isa = PBXFileReference; includeInIndex = 1; lastKnownFileType = text.xcconfig; name = "Pods-PhotoKeyboardEx.release.xcconfig"; path = "Target Support Files/Pods-PhotoKeyboardEx/Pods-PhotoKeyboardEx.release.xcconfig"; sourceTree = "<group>"; };
		29FE4C5BC721AAB83A35F58D /* Pods-All-PhotoKeyboardExOrigin.release.xcconfig */ = {isa = PBXFileReference; includeInIndex = 1; lastKnownFileType = text.xcconfig; name = "Pods-All-PhotoKeyboardExOrigin.release.xcconfig"; path = "Target Support Files/Pods-All-PhotoKeyboardExOrigin/Pods-All-PhotoKeyboardExOrigin.release.xcconfig"; sourceTree = "<group>"; };
		2A2D47D0F2B6C86C2D4F25A8 /* Pods-All-PhotoKeyboardEx.release.xcconfig */ = {isa = PBXFileReference; includeInIndex = 1; lastKnownFileType = text.xcconfig; name = "Pods-All-PhotoKeyboardEx.release.xcconfig"; path = "Target Support Files/Pods-All-PhotoKeyboardEx/Pods-All-PhotoKeyboardEx.release.xcconfig"; sourceTree = "<group>"; };
		37A10C9370EACA7774D3AB24 /* Pods-All-PhotoKeyboardExOrigin.debug.xcconfig */ = {isa = PBXFileReference; includeInIndex = 1; lastKnownFileType = text.xcconfig; name = "Pods-All-PhotoKeyboardExOrigin.debug.xcconfig"; path = "Target Support Files/Pods-All-PhotoKeyboardExOrigin/Pods-All-PhotoKeyboardExOrigin.debug.xcconfig"; sourceTree = "<group>"; };
		40374A8F9A55BA39E8E301A4 /* Pods-PhotoKeyboardExUITests.release.xcconfig */ = {isa = PBXFileReference; includeInIndex = 1; lastKnownFileType = text.xcconfig; name = "Pods-PhotoKeyboardExUITests.release.xcconfig"; path = "Target Support Files/Pods-PhotoKeyboardExUITests/Pods-PhotoKeyboardExUITests.release.xcconfig"; sourceTree = "<group>"; };
		52A3039611AC00C29BB06F50 /* Pods-PhotoKeyboardExTests.release.xcconfig */ = {isa = PBXFileReference; includeInIndex = 1; lastKnownFileType = text.xcconfig; name = "Pods-PhotoKeyboardExTests.release.xcconfig"; path = "Target Support Files/Pods-PhotoKeyboardExTests/Pods-PhotoKeyboardExTests.release.xcconfig"; sourceTree = "<group>"; };
		56B00A1AB1A8449F04A7F802 /* Pods-All-PhotoKeyboardEx.debug.xcconfig */ = {isa = PBXFileReference; includeInIndex = 1; lastKnownFileType = text.xcconfig; name = "Pods-All-PhotoKeyboardEx.debug.xcconfig"; path = "Target Support Files/Pods-All-PhotoKeyboardEx/Pods-All-PhotoKeyboardEx.debug.xcconfig"; sourceTree = "<group>"; };
		7AD679DC5AEC5BF2B325581A /* Pods-PhotoKeyboardExOrigin.debug.xcconfig */ = {isa = PBXFileReference; includeInIndex = 1; lastKnownFileType = text.xcconfig; name = "Pods-PhotoKeyboardExOrigin.debug.xcconfig"; path = "Target Support Files/Pods-PhotoKeyboardExOrigin/Pods-PhotoKeyboardExOrigin.debug.xcconfig"; sourceTree = "<group>"; };
		821ABDD7230C641600B3DCFE /* Usage.storyboard */ = {isa = PBXFileReference; lastKnownFileType = file.storyboard; path = Usage.storyboard; sourceTree = "<group>"; };
		821ABDD9230C642A00B3DCFE /* UsageViewController.swift */ = {isa = PBXFileReference; lastKnownFileType = sourcecode.swift; path = UsageViewController.swift; sourceTree = "<group>"; };
		821ABDDB230EC43E00B3DCFE /* DefaultsKeys.swift */ = {isa = PBXFileReference; lastKnownFileType = sourcecode.swift; path = DefaultsKeys.swift; sourceTree = "<group>"; };
		821ABDDD230F80D800B3DCFE /* WelcomeViewController.swift */ = {isa = PBXFileReference; lastKnownFileType = sourcecode.swift; path = WelcomeViewController.swift; sourceTree = "<group>"; };
		821ABDDF230F80E300B3DCFE /* Welcome.storyboard */ = {isa = PBXFileReference; lastKnownFileType = file.storyboard; path = Welcome.storyboard; sourceTree = "<group>"; };
		822137082302F1550046E095 /* GenreTag.swift */ = {isa = PBXFileReference; lastKnownFileType = sourcecode.swift; path = GenreTag.swift; sourceTree = "<group>"; };
		8221370A2304D1A60046E095 /* Extension.swift */ = {isa = PBXFileReference; lastKnownFileType = sourcecode.swift; path = Extension.swift; sourceTree = "<group>"; };
		823FA91522FC39D10041F145 /* ColorMG.swift */ = {isa = PBXFileReference; lastKnownFileType = sourcecode.swift; path = ColorMG.swift; sourceTree = "<group>"; };
		824E1FC522FF79D2007D0883 /* FirePhoto.swift */ = {isa = PBXFileReference; lastKnownFileType = sourcecode.swift; path = FirePhoto.swift; sourceTree = "<group>"; };
		8258685822F2302C002941F4 /* PhotoCollectionViewCell.xib */ = {isa = PBXFileReference; fileEncoding = 4; lastKnownFileType = file.xib; path = PhotoCollectionViewCell.xib; sourceTree = "<group>"; };
		8258685922F2302C002941F4 /* Media.xcassets */ = {isa = PBXFileReference; lastKnownFileType = folder.assetcatalog; path = Media.xcassets; sourceTree = "<group>"; };
		8258685A22F2302C002941F4 /* KeyboardViewController.swift */ = {isa = PBXFileReference; fileEncoding = 4; lastKnownFileType = sourcecode.swift; path = KeyboardViewController.swift; sourceTree = "<group>"; };
		8258685B22F2302C002941F4 /* LottieFile */ = {isa = PBXFileReference; lastKnownFileType = folder; path = LottieFile; sourceTree = "<group>"; };
		8258685C22F2302D002941F4 /* Info.plist */ = {isa = PBXFileReference; fileEncoding = 4; lastKnownFileType = text.plist.xml; path = Info.plist; sourceTree = "<group>"; };
		8258685D22F2302D002941F4 /* MainKBView.xib */ = {isa = PBXFileReference; fileEncoding = 4; lastKnownFileType = file.xib; path = MainKBView.xib; sourceTree = "<group>"; };
		8258686022F2302D002941F4 /* PhotoCollectionViewCell.swift */ = {isa = PBXFileReference; fileEncoding = 4; lastKnownFileType = sourcecode.swift; path = PhotoCollectionViewCell.swift; sourceTree = "<group>"; };
		826D657E22F831B500F66583 /* RealmManager.swift */ = {isa = PBXFileReference; lastKnownFileType = sourcecode.swift; path = RealmManager.swift; sourceTree = "<group>"; };
		826D658022F99EC500F66583 /* Pods_All_PhotoKeyboardFramework.framework */ = {isa = PBXFileReference; explicitFileType = wrapper.framework; path = Pods_All_PhotoKeyboardFramework.framework; sourceTree = BUILT_PRODUCTS_DIR; };
		82725B6E23421E5100CEA27F /* TextCollectionViewCell.swift */ = {isa = PBXFileReference; lastKnownFileType = sourcecode.swift; path = TextCollectionViewCell.swift; sourceTree = "<group>"; };
		82725B6F23421E5100CEA27F /* TextCollectionViewCell.xib */ = {isa = PBXFileReference; lastKnownFileType = file.xib; path = TextCollectionViewCell.xib; sourceTree = "<group>"; };
		8278D13622EE5A700034C2CC /* PhotoKeyboardEx.app */ = {isa = PBXFileReference; explicitFileType = wrapper.application; includeInIndex = 0; path = PhotoKeyboardEx.app; sourceTree = BUILT_PRODUCTS_DIR; };
		8278D13922EE5A700034C2CC /* AppDelegate.swift */ = {isa = PBXFileReference; lastKnownFileType = sourcecode.swift; path = AppDelegate.swift; sourceTree = "<group>"; };
		8278D13E22EE5A700034C2CC /* Base */ = {isa = PBXFileReference; lastKnownFileType = file.storyboard; name = Base; path = Base.lproj/Main.storyboard; sourceTree = "<group>"; };
		8278D14022EE5A730034C2CC /* Assets.xcassets */ = {isa = PBXFileReference; lastKnownFileType = folder.assetcatalog; path = Assets.xcassets; sourceTree = "<group>"; };
		8278D14322EE5A730034C2CC /* Base */ = {isa = PBXFileReference; lastKnownFileType = file.storyboard; name = Base; path = Base.lproj/LaunchScreen.storyboard; sourceTree = "<group>"; };
		8278D14522EE5A730034C2CC /* Info.plist */ = {isa = PBXFileReference; lastKnownFileType = text.plist.xml; path = Info.plist; sourceTree = "<group>"; };
		8278D14A22EE5A730034C2CC /* PhotoKeyboardExTests.xctest */ = {isa = PBXFileReference; explicitFileType = wrapper.cfbundle; includeInIndex = 0; path = PhotoKeyboardExTests.xctest; sourceTree = BUILT_PRODUCTS_DIR; };
		8278D14E22EE5A730034C2CC /* PhotoKeyboardExTests.swift */ = {isa = PBXFileReference; lastKnownFileType = sourcecode.swift; path = PhotoKeyboardExTests.swift; sourceTree = "<group>"; };
		8278D15022EE5A730034C2CC /* Info.plist */ = {isa = PBXFileReference; lastKnownFileType = text.plist.xml; path = Info.plist; sourceTree = "<group>"; };
		8278D15522EE5A730034C2CC /* PhotoKeyboardExUITests.xctest */ = {isa = PBXFileReference; explicitFileType = wrapper.cfbundle; includeInIndex = 0; path = PhotoKeyboardExUITests.xctest; sourceTree = BUILT_PRODUCTS_DIR; };
		8278D15922EE5A730034C2CC /* PhotoKeyboardExUITests.swift */ = {isa = PBXFileReference; lastKnownFileType = sourcecode.swift; path = PhotoKeyboardExUITests.swift; sourceTree = "<group>"; };
		8278D15B22EE5A730034C2CC /* Info.plist */ = {isa = PBXFileReference; lastKnownFileType = text.plist.xml; path = Info.plist; sourceTree = "<group>"; };
		8278D16B22EE5AC30034C2CC /* PhotoKeyboardExOrigin.appex */ = {isa = PBXFileReference; explicitFileType = "wrapper.app-extension"; includeInIndex = 0; path = PhotoKeyboardExOrigin.appex; sourceTree = BUILT_PRODUCTS_DIR; };
		8280C03A22F24DE20069BF8B /* ColorManager.swift */ = {isa = PBXFileReference; lastKnownFileType = sourcecode.swift; path = ColorManager.swift; sourceTree = "<group>"; };
		8280C03C22F454B80069BF8B /* Add.storyboard */ = {isa = PBXFileReference; lastKnownFileType = file.storyboard; path = Add.storyboard; sourceTree = "<group>"; };
		8280C03E22F454D20069BF8B /* AddViewController.swift */ = {isa = PBXFileReference; lastKnownFileType = sourcecode.swift; path = AddViewController.swift; sourceTree = "<group>"; };
		8280C04022F455170069BF8B /* PhotoCollectionViewCell.swift */ = {isa = PBXFileReference; lastKnownFileType = sourcecode.swift; path = PhotoCollectionViewCell.swift; sourceTree = "<group>"; };
		8280C04122F455170069BF8B /* PhotoCollectionViewCell.xib */ = {isa = PBXFileReference; lastKnownFileType = file.xib; path = PhotoCollectionViewCell.xib; sourceTree = "<group>"; };
		8280C04422F47D400069BF8B /* MainTabViewController.swift */ = {isa = PBXFileReference; lastKnownFileType = sourcecode.swift; path = MainTabViewController.swift; sourceTree = "<group>"; };
		8280C04622F481410069BF8B /* ChildContentViewController.swift */ = {isa = PBXFileReference; lastKnownFileType = sourcecode.swift; path = ChildContentViewController.swift; sourceTree = "<group>"; };
		8280C04822F481490069BF8B /* ChildContent.storyboard */ = {isa = PBXFileReference; lastKnownFileType = file.storyboard; path = ChildContent.storyboard; sourceTree = "<group>"; };
		82BB3A572328D499003D830B /* LocalizeKey.swift */ = {isa = PBXFileReference; lastKnownFileType = sourcecode.swift; path = LocalizeKey.swift; sourceTree = "<group>"; };
		82EA89192328D7280022832E /* CommonUtil.swift */ = {isa = PBXFileReference; lastKnownFileType = sourcecode.swift; path = CommonUtil.swift; sourceTree = "<group>"; };
		82EA891D2328D7A20022832E /* ja */ = {isa = PBXFileReference; lastKnownFileType = text.plist.strings; name = ja; path = ja.lproj/Main.strings; sourceTree = "<group>"; };
		82EA891E2328D7A40022832E /* ja */ = {isa = PBXFileReference; lastKnownFileType = text.plist.strings; name = ja; path = ja.lproj/LaunchScreen.strings; sourceTree = "<group>"; };
		82EA89202328D7E10022832E /* en */ = {isa = PBXFileReference; lastKnownFileType = text.plist.strings; name = en; path = en.lproj/Localizable.strings; sourceTree = "<group>"; };
		82EA89222328D7FC0022832E /* ja */ = {isa = PBXFileReference; lastKnownFileType = text.plist.strings; name = ja; path = ja.lproj/Localizable.strings; sourceTree = "<group>"; };
		82EA8923232A8E380022832E /* UpdateExtention.swift */ = {isa = PBXFileReference; lastKnownFileType = sourcecode.swift; path = UpdateExtention.swift; sourceTree = "<group>"; };
		82EA8925232AD4D10022832E /* GoogleService-Info.plist */ = {isa = PBXFileReference; fileEncoding = 4; lastKnownFileType = text.plist.xml; path = "GoogleService-Info.plist"; sourceTree = "<group>"; };
		82EA8927232AD5020022832E /* GoogleService-Info.plist */ = {isa = PBXFileReference; fileEncoding = 4; lastKnownFileType = text.plist.xml; path = "GoogleService-Info.plist"; sourceTree = "<group>"; };
		82EA8969232D53530022832E /* ServiceNotification.appex */ = {isa = PBXFileReference; explicitFileType = "wrapper.app-extension"; includeInIndex = 0; path = ServiceNotification.appex; sourceTree = BUILT_PRODUCTS_DIR; };
		82EA896B232D53530022832E /* NotificationService.swift */ = {isa = PBXFileReference; lastKnownFileType = sourcecode.swift; path = NotificationService.swift; sourceTree = "<group>"; };
		82EA896D232D53530022832E /* Info.plist */ = {isa = PBXFileReference; lastKnownFileType = text.plist.xml; path = Info.plist; sourceTree = "<group>"; };
		82F9F3ED22F588290062F451 /* MainNavigationViewController.swift */ = {isa = PBXFileReference; lastKnownFileType = sourcecode.swift; path = MainNavigationViewController.swift; sourceTree = "<group>"; };
		82F9F3EF22F589400062F451 /* MainMenuTableViewController.swift */ = {isa = PBXFileReference; lastKnownFileType = sourcecode.swift; path = MainMenuTableViewController.swift; sourceTree = "<group>"; };
		82F9F3F122F636FE0062F451 /* Extension.swift */ = {isa = PBXFileReference; lastKnownFileType = sourcecode.swift; path = Extension.swift; sourceTree = "<group>"; };
		82F9F3F322F6AD8C0062F451 /* PhotoKeyboardEx.entitlements */ = {isa = PBXFileReference; lastKnownFileType = text.plist.entitlements; path = PhotoKeyboardEx.entitlements; sourceTree = "<group>"; };
		82F9F3F422F6AD9C0062F451 /* PhotoKeyboardExOrigin.entitlements */ = {isa = PBXFileReference; lastKnownFileType = text.plist.entitlements; path = PhotoKeyboardExOrigin.entitlements; sourceTree = "<group>"; };
		82F9F3FA22F6B2610062F451 /* PhotoKeyboardFramework.framework */ = {isa = PBXFileReference; explicitFileType = wrapper.framework; includeInIndex = 0; path = PhotoKeyboardFramework.framework; sourceTree = BUILT_PRODUCTS_DIR; };
		82F9F3FC22F6B2610062F451 /* PhotoKeyboardFramework.h */ = {isa = PBXFileReference; lastKnownFileType = sourcecode.c.h; path = PhotoKeyboardFramework.h; sourceTree = "<group>"; };
		82F9F3FD22F6B2610062F451 /* Info.plist */ = {isa = PBXFileReference; lastKnownFileType = text.plist.xml; path = Info.plist; sourceTree = "<group>"; };
		82F9F40222F6B2610062F451 /* PhotoKeyboardFrameworkTests.xctest */ = {isa = PBXFileReference; explicitFileType = wrapper.cfbundle; includeInIndex = 0; path = PhotoKeyboardFrameworkTests.xctest; sourceTree = BUILT_PRODUCTS_DIR; };
		82F9F40922F6B2610062F451 /* PhotoKeyboardFrameworkTests.swift */ = {isa = PBXFileReference; lastKnownFileType = sourcecode.swift; path = PhotoKeyboardFrameworkTests.swift; sourceTree = "<group>"; };
		82F9F40B22F6B2610062F451 /* Info.plist */ = {isa = PBXFileReference; lastKnownFileType = text.plist.xml; path = Info.plist; sourceTree = "<group>"; };
		82F9F41822F6B2920062F451 /* Photo.swift */ = {isa = PBXFileReference; lastKnownFileType = sourcecode.swift; path = Photo.swift; sourceTree = "<group>"; };
		8ECB87474166E1BAC3F3E565 /* Pods-All-PhotoKeyboardFramework.release.xcconfig */ = {isa = PBXFileReference; includeInIndex = 1; lastKnownFileType = text.xcconfig; name = "Pods-All-PhotoKeyboardFramework.release.xcconfig"; path = "Target Support Files/Pods-All-PhotoKeyboardFramework/Pods-All-PhotoKeyboardFramework.release.xcconfig"; sourceTree = "<group>"; };
		90C16389F0DEFE1F8B6C810A /* Pods_PhotoKeyboardExOrigin.framework */ = {isa = PBXFileReference; explicitFileType = wrapper.framework; includeInIndex = 0; path = Pods_PhotoKeyboardExOrigin.framework; sourceTree = BUILT_PRODUCTS_DIR; };
		91110023B53C06A1CA0E30E7 /* Pods-PhotoKeyboardFramework.debug.xcconfig */ = {isa = PBXFileReference; includeInIndex = 1; lastKnownFileType = text.xcconfig; name = "Pods-PhotoKeyboardFramework.debug.xcconfig"; path = "Target Support Files/Pods-PhotoKeyboardFramework/Pods-PhotoKeyboardFramework.debug.xcconfig"; sourceTree = "<group>"; };
		956D55CCA95EADEBC3D685B5 /* Pods-PhotoKeyboardExTests.debug.xcconfig */ = {isa = PBXFileReference; includeInIndex = 1; lastKnownFileType = text.xcconfig; name = "Pods-PhotoKeyboardExTests.debug.xcconfig"; path = "Target Support Files/Pods-PhotoKeyboardExTests/Pods-PhotoKeyboardExTests.debug.xcconfig"; sourceTree = "<group>"; };
		A59BCD0729283AE61EFE4B7A /* Pods_PhotoKeyboardExUITests.framework */ = {isa = PBXFileReference; explicitFileType = wrapper.framework; includeInIndex = 0; path = Pods_PhotoKeyboardExUITests.framework; sourceTree = BUILT_PRODUCTS_DIR; };
		A7EDA94DD5947D877211D9B7 /* Pods_PhotoKeyboardFramework.framework */ = {isa = PBXFileReference; explicitFileType = wrapper.framework; includeInIndex = 0; path = Pods_PhotoKeyboardFramework.framework; sourceTree = BUILT_PRODUCTS_DIR; };
		B2CD32EF776C8A054A8B5991 /* Pods-All-PhotoKeyboardFramework.debug.xcconfig */ = {isa = PBXFileReference; includeInIndex = 1; lastKnownFileType = text.xcconfig; name = "Pods-All-PhotoKeyboardFramework.debug.xcconfig"; path = "Target Support Files/Pods-All-PhotoKeyboardFramework/Pods-All-PhotoKeyboardFramework.debug.xcconfig"; sourceTree = "<group>"; };
		C96A9E029566D3D49BBC6284 /* Pods-PhotoKeyboardEx.debug.xcconfig */ = {isa = PBXFileReference; includeInIndex = 1; lastKnownFileType = text.xcconfig; name = "Pods-PhotoKeyboardEx.debug.xcconfig"; path = "Target Support Files/Pods-PhotoKeyboardEx/Pods-PhotoKeyboardEx.debug.xcconfig"; sourceTree = "<group>"; };
		D11D546A63A2549769BD1719 /* Pods-PhotoKeyboardExUITests.debug.xcconfig */ = {isa = PBXFileReference; includeInIndex = 1; lastKnownFileType = text.xcconfig; name = "Pods-PhotoKeyboardExUITests.debug.xcconfig"; path = "Target Support Files/Pods-PhotoKeyboardExUITests/Pods-PhotoKeyboardExUITests.debug.xcconfig"; sourceTree = "<group>"; };
		D780CE5509D88EC1AAD6AD09 /* Pods_All_PhotoKeyboardFramework.framework */ = {isa = PBXFileReference; explicitFileType = wrapper.framework; includeInIndex = 0; path = Pods_All_PhotoKeyboardFramework.framework; sourceTree = BUILT_PRODUCTS_DIR; };
		FB608B8ADF531C152159F030 /* Pods_All_PhotoKeyboardExOrigin.framework */ = {isa = PBXFileReference; explicitFileType = wrapper.framework; includeInIndex = 0; path = Pods_All_PhotoKeyboardExOrigin.framework; sourceTree = BUILT_PRODUCTS_DIR; };
		FBFC6C993C1AA83E2604ED9F /* Pods-PhotoKeyboardExOrigin.release.xcconfig */ = {isa = PBXFileReference; includeInIndex = 1; lastKnownFileType = text.xcconfig; name = "Pods-PhotoKeyboardExOrigin.release.xcconfig"; path = "Target Support Files/Pods-PhotoKeyboardExOrigin/Pods-PhotoKeyboardExOrigin.release.xcconfig"; sourceTree = "<group>"; };
		FE191A99D9C9CCD49DD3DFDA /* Pods-PhotoKeyboardFramework.release.xcconfig */ = {isa = PBXFileReference; includeInIndex = 1; lastKnownFileType = text.xcconfig; name = "Pods-PhotoKeyboardFramework.release.xcconfig"; path = "Target Support Files/Pods-PhotoKeyboardFramework/Pods-PhotoKeyboardFramework.release.xcconfig"; sourceTree = "<group>"; };
/* End PBXFileReference section */

/* Begin PBXFrameworksBuildPhase section */
		8278D13322EE5A700034C2CC /* Frameworks */ = {
			isa = PBXFrameworksBuildPhase;
			buildActionMask = 2147483647;
			files = (
				82F9F40F22F6B2610062F451 /* PhotoKeyboardFramework.framework in Frameworks */,
				822F932F22F72A0C006998E2 /* Pods_All_PhotoKeyboardEx.framework in Frameworks */,
			);
			runOnlyForDeploymentPostprocessing = 0;
		};
		8278D14722EE5A730034C2CC /* Frameworks */ = {
			isa = PBXFrameworksBuildPhase;
			buildActionMask = 2147483647;
			files = (
				3ACE86CEBB02C3D24A38DC01 /* Pods_PhotoKeyboardExTests.framework in Frameworks */,
			);
			runOnlyForDeploymentPostprocessing = 0;
		};
		8278D15222EE5A730034C2CC /* Frameworks */ = {
			isa = PBXFrameworksBuildPhase;
			buildActionMask = 2147483647;
			files = (
				2A5293AE4B1CE75911AAD26B /* Pods_PhotoKeyboardExUITests.framework in Frameworks */,
			);
			runOnlyForDeploymentPostprocessing = 0;
		};
		8278D16822EE5AC30034C2CC /* Frameworks */ = {
			isa = PBXFrameworksBuildPhase;
			buildActionMask = 2147483647;
			files = (
				82C7AEEF22FD90520073570E /* PhotoKeyboardFramework.framework in Frameworks */,
				1CA5C392CE37392557119E2C /* Pods_All_PhotoKeyboardExOrigin.framework in Frameworks */,
			);
			runOnlyForDeploymentPostprocessing = 0;
		};
		82EA8966232D53530022832E /* Frameworks */ = {
			isa = PBXFrameworksBuildPhase;
			buildActionMask = 2147483647;
			files = (
			);
			runOnlyForDeploymentPostprocessing = 0;
		};
		82F9F3F722F6B2610062F451 /* Frameworks */ = {
			isa = PBXFrameworksBuildPhase;
			buildActionMask = 2147483647;
			files = (
				826D658122F99EC500F66583 /* Pods_All_PhotoKeyboardFramework.framework in Frameworks */,
			);
			runOnlyForDeploymentPostprocessing = 0;
		};
		82F9F3FF22F6B2610062F451 /* Frameworks */ = {
			isa = PBXFrameworksBuildPhase;
			buildActionMask = 2147483647;
			files = (
				82F9F40322F6B2610062F451 /* PhotoKeyboardFramework.framework in Frameworks */,
			);
			runOnlyForDeploymentPostprocessing = 0;
		};
/* End PBXFrameworksBuildPhase section */

/* Begin PBXGroup section */
		8278D12D22EE5A700034C2CC = {
			isa = PBXGroup;
			children = (
				8278D13822EE5A700034C2CC /* PhotoKeyboardEx */,
				8278D14D22EE5A730034C2CC /* PhotoKeyboardExTests */,
				8278D15822EE5A730034C2CC /* PhotoKeyboardExUITests */,
				8278D16C22EE5AC30034C2CC /* PhotoKeyboardExOrigin */,
				82F9F3FB22F6B2610062F451 /* PhotoKeyboardFramework */,
				82F9F40822F6B2610062F451 /* PhotoKeyboardFrameworkTests */,
				82EA896A232D53530022832E /* ServiceNotification */,
				8278D13722EE5A700034C2CC /* Products */,
				E96BB11C0C049853094A3AC4 /* Pods */,
				DEEDB2204F451E14EA336469 /* Frameworks */,
			);
			sourceTree = "<group>";
		};
		8278D13722EE5A700034C2CC /* Products */ = {
			isa = PBXGroup;
			children = (
				8278D13622EE5A700034C2CC /* PhotoKeyboardEx.app */,
				8278D14A22EE5A730034C2CC /* PhotoKeyboardExTests.xctest */,
				8278D15522EE5A730034C2CC /* PhotoKeyboardExUITests.xctest */,
				8278D16B22EE5AC30034C2CC /* PhotoKeyboardExOrigin.appex */,
				82F9F3FA22F6B2610062F451 /* PhotoKeyboardFramework.framework */,
				82F9F40222F6B2610062F451 /* PhotoKeyboardFrameworkTests.xctest */,
				82EA8969232D53530022832E /* ServiceNotification.appex */,
			);
			name = Products;
			sourceTree = "<group>";
		};
		8278D13822EE5A700034C2CC /* PhotoKeyboardEx */ = {
			isa = PBXGroup;
			children = (
				82F9F3F322F6AD8C0062F451 /* PhotoKeyboardEx.entitlements */,
				8278D13922EE5A700034C2CC /* AppDelegate.swift */,
				82EA8923232A8E380022832E /* UpdateExtention.swift */,
				82F9F3F122F636FE0062F451 /* Extension.swift */,
				8278D13D22EE5A700034C2CC /* Main.storyboard */,
				8280C04422F47D400069BF8B /* MainTabViewController.swift */,
				82F9F3ED22F588290062F451 /* MainNavigationViewController.swift */,
				82F9F3EF22F589400062F451 /* MainMenuTableViewController.swift */,
				8280C04822F481490069BF8B /* ChildContent.storyboard */,
				8280C04622F481410069BF8B /* ChildContentViewController.swift */,
				8280C04122F455170069BF8B /* PhotoCollectionViewCell.xib */,
				8280C04022F455170069BF8B /* PhotoCollectionViewCell.swift */,
				824E1FC522FF79D2007D0883 /* FirePhoto.swift */,
				8280C03C22F454B80069BF8B /* Add.storyboard */,
				8280C03E22F454D20069BF8B /* AddViewController.swift */,
				821ABDD7230C641600B3DCFE /* Usage.storyboard */,
				821ABDD9230C642A00B3DCFE /* UsageViewController.swift */,
				821ABDDF230F80E300B3DCFE /* Welcome.storyboard */,
				821ABDDD230F80D800B3DCFE /* WelcomeViewController.swift */,
				8278D14222EE5A730034C2CC /* LaunchScreen.storyboard */,
				8278D14022EE5A730034C2CC /* Assets.xcassets */,
				82EA8927232AD5020022832E /* GoogleService-Info.plist */,
				8278D14522EE5A730034C2CC /* Info.plist */,
			);
			path = PhotoKeyboardEx;
			sourceTree = "<group>";
		};
		8278D14D22EE5A730034C2CC /* PhotoKeyboardExTests */ = {
			isa = PBXGroup;
			children = (
				8278D14E22EE5A730034C2CC /* PhotoKeyboardExTests.swift */,
				8278D15022EE5A730034C2CC /* Info.plist */,
			);
			path = PhotoKeyboardExTests;
			sourceTree = "<group>";
		};
		8278D15822EE5A730034C2CC /* PhotoKeyboardExUITests */ = {
			isa = PBXGroup;
			children = (
				8278D15922EE5A730034C2CC /* PhotoKeyboardExUITests.swift */,
				8278D15B22EE5A730034C2CC /* Info.plist */,
			);
			path = PhotoKeyboardExUITests;
			sourceTree = "<group>";
		};
		8278D16C22EE5AC30034C2CC /* PhotoKeyboardExOrigin */ = {
			isa = PBXGroup;
			children = (
				82F9F3F422F6AD9C0062F451 /* PhotoKeyboardExOrigin.entitlements */,
				8258685C22F2302D002941F4 /* Info.plist */,
				8258685922F2302C002941F4 /* Media.xcassets */,
				8258685B22F2302C002941F4 /* LottieFile */,
				8258685D22F2302D002941F4 /* MainKBView.xib */,
				8258685A22F2302C002941F4 /* KeyboardViewController.swift */,
				8258686022F2302D002941F4 /* PhotoCollectionViewCell.swift */,
				8258685822F2302C002941F4 /* PhotoCollectionViewCell.xib */,
				82725B6E23421E5100CEA27F /* TextCollectionViewCell.swift */,
				82725B6F23421E5100CEA27F /* TextCollectionViewCell.xib */,
				8280C03A22F24DE20069BF8B /* ColorManager.swift */,
				82EA8925232AD4D10022832E /* GoogleService-Info.plist */,
			);
			path = PhotoKeyboardExOrigin;
			sourceTree = "<group>";
		};
		82EA896A232D53530022832E /* ServiceNotification */ = {
			isa = PBXGroup;
			children = (
				82EA896B232D53530022832E /* NotificationService.swift */,
				82EA896D232D53530022832E /* Info.plist */,
			);
			path = ServiceNotification;
			sourceTree = "<group>";
		};
		82F9F3FB22F6B2610062F451 /* PhotoKeyboardFramework */ = {
			isa = PBXGroup;
			children = (
				82F9F3FC22F6B2610062F451 /* PhotoKeyboardFramework.h */,
				82F9F41822F6B2920062F451 /* Photo.swift */,
				822137082302F1550046E095 /* GenreTag.swift */,
				82EA89212328D7E10022832E /* Localizable.strings */,
				82BB3A572328D499003D830B /* LocalizeKey.swift */,
				826D657E22F831B500F66583 /* RealmManager.swift */,
				82EA89192328D7280022832E /* CommonUtil.swift */,
				823FA91522FC39D10041F145 /* ColorMG.swift */,
				8221370A2304D1A60046E095 /* Extension.swift */,
				821ABDDB230EC43E00B3DCFE /* DefaultsKeys.swift */,
				82F9F3FD22F6B2610062F451 /* Info.plist */,
			);
			path = PhotoKeyboardFramework;
			sourceTree = "<group>";
		};
		82F9F40822F6B2610062F451 /* PhotoKeyboardFrameworkTests */ = {
			isa = PBXGroup;
			children = (
				82F9F40922F6B2610062F451 /* PhotoKeyboardFrameworkTests.swift */,
				82F9F40B22F6B2610062F451 /* Info.plist */,
			);
			path = PhotoKeyboardFrameworkTests;
			sourceTree = "<group>";
		};
		DEEDB2204F451E14EA336469 /* Frameworks */ = {
			isa = PBXGroup;
			children = (
				826D658022F99EC500F66583 /* Pods_All_PhotoKeyboardFramework.framework */,
				0956F83AA570857F2DF6553E /* Pods_PhotoKeyboardEx.framework */,
				90C16389F0DEFE1F8B6C810A /* Pods_PhotoKeyboardExOrigin.framework */,
				1167ECE4863AEFBA7C7F8D46 /* Pods_PhotoKeyboardExTests.framework */,
				A59BCD0729283AE61EFE4B7A /* Pods_PhotoKeyboardExUITests.framework */,
				0903A86298C04802358C6F2B /* Pods_All_PhotoKeyboardEx.framework */,
				FB608B8ADF531C152159F030 /* Pods_All_PhotoKeyboardExOrigin.framework */,
				A7EDA94DD5947D877211D9B7 /* Pods_PhotoKeyboardFramework.framework */,
				D780CE5509D88EC1AAD6AD09 /* Pods_All_PhotoKeyboardFramework.framework */,
			);
			name = Frameworks;
			sourceTree = "<group>";
		};
		E96BB11C0C049853094A3AC4 /* Pods */ = {
			isa = PBXGroup;
			children = (
				C96A9E029566D3D49BBC6284 /* Pods-PhotoKeyboardEx.debug.xcconfig */,
				286250ADBF3AA73F7083531C /* Pods-PhotoKeyboardEx.release.xcconfig */,
				7AD679DC5AEC5BF2B325581A /* Pods-PhotoKeyboardExOrigin.debug.xcconfig */,
				FBFC6C993C1AA83E2604ED9F /* Pods-PhotoKeyboardExOrigin.release.xcconfig */,
				956D55CCA95EADEBC3D685B5 /* Pods-PhotoKeyboardExTests.debug.xcconfig */,
				52A3039611AC00C29BB06F50 /* Pods-PhotoKeyboardExTests.release.xcconfig */,
				D11D546A63A2549769BD1719 /* Pods-PhotoKeyboardExUITests.debug.xcconfig */,
				40374A8F9A55BA39E8E301A4 /* Pods-PhotoKeyboardExUITests.release.xcconfig */,
				56B00A1AB1A8449F04A7F802 /* Pods-All-PhotoKeyboardEx.debug.xcconfig */,
				2A2D47D0F2B6C86C2D4F25A8 /* Pods-All-PhotoKeyboardEx.release.xcconfig */,
				37A10C9370EACA7774D3AB24 /* Pods-All-PhotoKeyboardExOrigin.debug.xcconfig */,
				29FE4C5BC721AAB83A35F58D /* Pods-All-PhotoKeyboardExOrigin.release.xcconfig */,
				91110023B53C06A1CA0E30E7 /* Pods-PhotoKeyboardFramework.debug.xcconfig */,
				FE191A99D9C9CCD49DD3DFDA /* Pods-PhotoKeyboardFramework.release.xcconfig */,
				B2CD32EF776C8A054A8B5991 /* Pods-All-PhotoKeyboardFramework.debug.xcconfig */,
				8ECB87474166E1BAC3F3E565 /* Pods-All-PhotoKeyboardFramework.release.xcconfig */,
			);
			path = Pods;
			sourceTree = "<group>";
		};
/* End PBXGroup section */

/* Begin PBXHeadersBuildPhase section */
		82F9F3F522F6B2610062F451 /* Headers */ = {
			isa = PBXHeadersBuildPhase;
			buildActionMask = 2147483647;
			files = (
				82F9F40C22F6B2610062F451 /* PhotoKeyboardFramework.h in Headers */,
			);
			runOnlyForDeploymentPostprocessing = 0;
		};
/* End PBXHeadersBuildPhase section */

/* Begin PBXNativeTarget section */
		8278D13522EE5A700034C2CC /* PhotoKeyboardEx */ = {
			isa = PBXNativeTarget;
			buildConfigurationList = 8278D15E22EE5A730034C2CC /* Build configuration list for PBXNativeTarget "PhotoKeyboardEx" */;
			buildPhases = (
				1111B4771A7538DB98F6B521 /* [CP] Check Pods Manifest.lock */,
				8278D13222EE5A700034C2CC /* Sources */,
				8278D13322EE5A700034C2CC /* Frameworks */,
				8278D13422EE5A700034C2CC /* Resources */,
				8278D17622EE5AC30034C2CC /* Embed App Extensions */,
				5E245C9A4CF51403180D259C /* [CP] Embed Pods Frameworks */,
				82F9F41622F6B2610062F451 /* Embed Frameworks */,
			);
			buildRules = (
			);
			dependencies = (
				8278D17122EE5AC30034C2CC /* PBXTargetDependency */,
				82F9F40E22F6B2610062F451 /* PBXTargetDependency */,
				82EA896F232D53540022832E /* PBXTargetDependency */,
			);
			name = PhotoKeyboardEx;
			productName = PhotoKeyboardEx;
			productReference = 8278D13622EE5A700034C2CC /* PhotoKeyboardEx.app */;
			productType = "com.apple.product-type.application";
		};
		8278D14922EE5A730034C2CC /* PhotoKeyboardExTests */ = {
			isa = PBXNativeTarget;
			buildConfigurationList = 8278D16122EE5A730034C2CC /* Build configuration list for PBXNativeTarget "PhotoKeyboardExTests" */;
			buildPhases = (
				3B3026DA39E99430D7680180 /* [CP] Check Pods Manifest.lock */,
				8278D14622EE5A730034C2CC /* Sources */,
				8278D14722EE5A730034C2CC /* Frameworks */,
				8278D14822EE5A730034C2CC /* Resources */,
			);
			buildRules = (
			);
			dependencies = (
				8278D14C22EE5A730034C2CC /* PBXTargetDependency */,
			);
			name = PhotoKeyboardExTests;
			productName = PhotoKeyboardExTests;
			productReference = 8278D14A22EE5A730034C2CC /* PhotoKeyboardExTests.xctest */;
			productType = "com.apple.product-type.bundle.unit-test";
		};
		8278D15422EE5A730034C2CC /* PhotoKeyboardExUITests */ = {
			isa = PBXNativeTarget;
			buildConfigurationList = 8278D16422EE5A730034C2CC /* Build configuration list for PBXNativeTarget "PhotoKeyboardExUITests" */;
			buildPhases = (
				F6995B4C4175FD3BEF373FF1 /* [CP] Check Pods Manifest.lock */,
				8278D15122EE5A730034C2CC /* Sources */,
				8278D15222EE5A730034C2CC /* Frameworks */,
				8278D15322EE5A730034C2CC /* Resources */,
			);
			buildRules = (
			);
			dependencies = (
				8278D15722EE5A730034C2CC /* PBXTargetDependency */,
			);
			name = PhotoKeyboardExUITests;
			productName = PhotoKeyboardExUITests;
			productReference = 8278D15522EE5A730034C2CC /* PhotoKeyboardExUITests.xctest */;
			productType = "com.apple.product-type.bundle.ui-testing";
		};
		8278D16A22EE5AC30034C2CC /* PhotoKeyboardExOrigin */ = {
			isa = PBXNativeTarget;
			buildConfigurationList = 8278D17322EE5AC30034C2CC /* Build configuration list for PBXNativeTarget "PhotoKeyboardExOrigin" */;
			buildPhases = (
				5255AE4979595898070E3121 /* [CP] Check Pods Manifest.lock */,
				8278D16722EE5AC30034C2CC /* Sources */,
				8278D16822EE5AC30034C2CC /* Frameworks */,
				8278D16922EE5AC30034C2CC /* Resources */,
			);
			buildRules = (
			);
			dependencies = (
			);
			name = PhotoKeyboardExOrigin;
			productName = PhotoKeyboardExOrigin;
			productReference = 8278D16B22EE5AC30034C2CC /* PhotoKeyboardExOrigin.appex */;
			productType = "com.apple.product-type.app-extension";
		};
		82EA8968232D53530022832E /* ServiceNotification */ = {
			isa = PBXNativeTarget;
			buildConfigurationList = 82EA8973232D53540022832E /* Build configuration list for PBXNativeTarget "ServiceNotification" */;
			buildPhases = (
				82EA8965232D53530022832E /* Sources */,
				82EA8966232D53530022832E /* Frameworks */,
				82EA8967232D53530022832E /* Resources */,
			);
			buildRules = (
			);
			dependencies = (
			);
			name = ServiceNotification;
			productName = ServiceNotification;
			productReference = 82EA8969232D53530022832E /* ServiceNotification.appex */;
			productType = "com.apple.product-type.app-extension";
		};
		82F9F3F922F6B2610062F451 /* PhotoKeyboardFramework */ = {
			isa = PBXNativeTarget;
			buildConfigurationList = 82F9F41522F6B2610062F451 /* Build configuration list for PBXNativeTarget "PhotoKeyboardFramework" */;
			buildPhases = (
				80B5B302B3D8DC4455C35129 /* [CP] Check Pods Manifest.lock */,
				82F9F3F522F6B2610062F451 /* Headers */,
				82F9F3F622F6B2610062F451 /* Sources */,
				82F9F3F722F6B2610062F451 /* Frameworks */,
				82F9F3F822F6B2610062F451 /* Resources */,
			);
			buildRules = (
			);
			dependencies = (
			);
			name = PhotoKeyboardFramework;
			productName = PhotoKeyboardFramework;
			productReference = 82F9F3FA22F6B2610062F451 /* PhotoKeyboardFramework.framework */;
			productType = "com.apple.product-type.framework";
		};
		82F9F40122F6B2610062F451 /* PhotoKeyboardFrameworkTests */ = {
			isa = PBXNativeTarget;
			buildConfigurationList = 82F9F41722F6B2610062F451 /* Build configuration list for PBXNativeTarget "PhotoKeyboardFrameworkTests" */;
			buildPhases = (
				82F9F3FE22F6B2610062F451 /* Sources */,
				82F9F3FF22F6B2610062F451 /* Frameworks */,
				82F9F40022F6B2610062F451 /* Resources */,
			);
			buildRules = (
			);
			dependencies = (
				82F9F40522F6B2610062F451 /* PBXTargetDependency */,
				82F9F40722F6B2610062F451 /* PBXTargetDependency */,
			);
			name = PhotoKeyboardFrameworkTests;
			productName = PhotoKeyboardFrameworkTests;
			productReference = 82F9F40222F6B2610062F451 /* PhotoKeyboardFrameworkTests.xctest */;
			productType = "com.apple.product-type.bundle.unit-test";
		};
/* End PBXNativeTarget section */

/* Begin PBXProject section */
		8278D12E22EE5A700034C2CC /* Project object */ = {
			isa = PBXProject;
			attributes = {
				LastSwiftUpdateCheck = 1020;
				LastUpgradeCheck = 1020;
				ORGANIZATIONNAME = "Hiroki Taniguchi";
				TargetAttributes = {
					8278D13522EE5A700034C2CC = {
						CreatedOnToolsVersion = 10.2.1;
						SystemCapabilities = {
							com.apple.ApplicationGroups.iOS = {
								enabled = 1;
							};
							com.apple.Push = {
								enabled = 1;
							};
							com.apple.SafariKeychain = {
								enabled = 0;
							};
						};
					};
					8278D14922EE5A730034C2CC = {
						CreatedOnToolsVersion = 10.2.1;
						TestTargetID = 8278D13522EE5A700034C2CC;
					};
					8278D15422EE5A730034C2CC = {
						CreatedOnToolsVersion = 10.2.1;
						TestTargetID = 8278D13522EE5A700034C2CC;
					};
					8278D16A22EE5AC30034C2CC = {
						CreatedOnToolsVersion = 10.2.1;
						SystemCapabilities = {
							com.apple.ApplicationGroups.iOS = {
								enabled = 1;
							};
						};
					};
					82EA8968232D53530022832E = {
						CreatedOnToolsVersion = 10.2.1;
					};
					82F9F3F922F6B2610062F451 = {
						CreatedOnToolsVersion = 10.2.1;
						LastSwiftMigration = 1020;
					};
					82F9F40122F6B2610062F451 = {
						CreatedOnToolsVersion = 10.2.1;
						TestTargetID = 8278D13522EE5A700034C2CC;
					};
				};
			};
			buildConfigurationList = 8278D13122EE5A700034C2CC /* Build configuration list for PBXProject "PhotoKeyboardEx" */;
			compatibilityVersion = "Xcode 9.3";
			developmentRegion = en;
			hasScannedForEncodings = 0;
			knownRegions = (
				en,
				Base,
				ja,
			);
			mainGroup = 8278D12D22EE5A700034C2CC;
			productRefGroup = 8278D13722EE5A700034C2CC /* Products */;
			projectDirPath = "";
			projectRoot = "";
			targets = (
				8278D14922EE5A730034C2CC /* PhotoKeyboardExTests */,
				8278D15422EE5A730034C2CC /* PhotoKeyboardExUITests */,
				8278D16A22EE5AC30034C2CC /* PhotoKeyboardExOrigin */,
				8278D13522EE5A700034C2CC /* PhotoKeyboardEx */,
				82F9F3F922F6B2610062F451 /* PhotoKeyboardFramework */,
				82F9F40122F6B2610062F451 /* PhotoKeyboardFrameworkTests */,
				82EA8968232D53530022832E /* ServiceNotification */,
			);
		};
/* End PBXProject section */

/* Begin PBXResourcesBuildPhase section */
		8278D13422EE5A700034C2CC /* Resources */ = {
			isa = PBXResourcesBuildPhase;
			buildActionMask = 2147483647;
			files = (
				8278D14422EE5A730034C2CC /* LaunchScreen.storyboard in Resources */,
				8280C04322F455170069BF8B /* PhotoCollectionViewCell.xib in Resources */,
				82EA8928232AD5030022832E /* GoogleService-Info.plist in Resources */,
				8278D14122EE5A730034C2CC /* Assets.xcassets in Resources */,
				8280C04922F481490069BF8B /* ChildContent.storyboard in Resources */,
				821ABDD8230C641600B3DCFE /* Usage.storyboard in Resources */,
				821ABDE0230F80E300B3DCFE /* Welcome.storyboard in Resources */,
				8280C03D22F454B80069BF8B /* Add.storyboard in Resources */,
				8278D13F22EE5A700034C2CC /* Main.storyboard in Resources */,
			);
			runOnlyForDeploymentPostprocessing = 0;
		};
		8278D14822EE5A730034C2CC /* Resources */ = {
			isa = PBXResourcesBuildPhase;
			buildActionMask = 2147483647;
			files = (
			);
			runOnlyForDeploymentPostprocessing = 0;
		};
		8278D15322EE5A730034C2CC /* Resources */ = {
			isa = PBXResourcesBuildPhase;
			buildActionMask = 2147483647;
			files = (
			);
			runOnlyForDeploymentPostprocessing = 0;
		};
		8278D16922EE5AC30034C2CC /* Resources */ = {
			isa = PBXResourcesBuildPhase;
			buildActionMask = 2147483647;
			files = (
				8258686422F2302D002941F4 /* LottieFile in Resources */,
				8258686122F2302D002941F4 /* PhotoCollectionViewCell.xib in Resources */,
				82725B7123421E5100CEA27F /* TextCollectionViewCell.xib in Resources */,
				82EA8926232AD4D10022832E /* GoogleService-Info.plist in Resources */,
				8258686622F2302D002941F4 /* MainKBView.xib in Resources */,
				8258686222F2302D002941F4 /* Media.xcassets in Resources */,
			);
			runOnlyForDeploymentPostprocessing = 0;
		};
		82EA8967232D53530022832E /* Resources */ = {
			isa = PBXResourcesBuildPhase;
			buildActionMask = 2147483647;
			files = (
			);
			runOnlyForDeploymentPostprocessing = 0;
		};
		82F9F3F822F6B2610062F451 /* Resources */ = {
			isa = PBXResourcesBuildPhase;
			buildActionMask = 2147483647;
			files = (
				82EA891F2328D7E10022832E /* Localizable.strings in Resources */,
			);
			runOnlyForDeploymentPostprocessing = 0;
		};
		82F9F40022F6B2610062F451 /* Resources */ = {
			isa = PBXResourcesBuildPhase;
			buildActionMask = 2147483647;
			files = (
			);
			runOnlyForDeploymentPostprocessing = 0;
		};
/* End PBXResourcesBuildPhase section */

/* Begin PBXShellScriptBuildPhase section */
		1111B4771A7538DB98F6B521 /* [CP] Check Pods Manifest.lock */ = {
			isa = PBXShellScriptBuildPhase;
			buildActionMask = 2147483647;
			files = (
			);
			inputFileListPaths = (
			);
			inputPaths = (
				"${PODS_PODFILE_DIR_PATH}/Podfile.lock",
				"${PODS_ROOT}/Manifest.lock",
			);
			name = "[CP] Check Pods Manifest.lock";
			outputFileListPaths = (
			);
			outputPaths = (
				"$(DERIVED_FILE_DIR)/Pods-All-PhotoKeyboardEx-checkManifestLockResult.txt",
			);
			runOnlyForDeploymentPostprocessing = 0;
			shellPath = /bin/sh;
			shellScript = "diff \"${PODS_PODFILE_DIR_PATH}/Podfile.lock\" \"${PODS_ROOT}/Manifest.lock\" > /dev/null\nif [ $? != 0 ] ; then\n    # print error to STDERR\n    echo \"error: The sandbox is not in sync with the Podfile.lock. Run 'pod install' or update your CocoaPods installation.\" >&2\n    exit 1\nfi\n# This output is used by Xcode 'outputs' to avoid re-running this script phase.\necho \"SUCCESS\" > \"${SCRIPT_OUTPUT_FILE_0}\"\n";
			showEnvVarsInLog = 0;
		};
		3B3026DA39E99430D7680180 /* [CP] Check Pods Manifest.lock */ = {
			isa = PBXShellScriptBuildPhase;
			buildActionMask = 2147483647;
			files = (
			);
			inputFileListPaths = (
			);
			inputPaths = (
				"${PODS_PODFILE_DIR_PATH}/Podfile.lock",
				"${PODS_ROOT}/Manifest.lock",
			);
			name = "[CP] Check Pods Manifest.lock";
			outputFileListPaths = (
			);
			outputPaths = (
				"$(DERIVED_FILE_DIR)/Pods-PhotoKeyboardExTests-checkManifestLockResult.txt",
			);
			runOnlyForDeploymentPostprocessing = 0;
			shellPath = /bin/sh;
			shellScript = "diff \"${PODS_PODFILE_DIR_PATH}/Podfile.lock\" \"${PODS_ROOT}/Manifest.lock\" > /dev/null\nif [ $? != 0 ] ; then\n    # print error to STDERR\n    echo \"error: The sandbox is not in sync with the Podfile.lock. Run 'pod install' or update your CocoaPods installation.\" >&2\n    exit 1\nfi\n# This output is used by Xcode 'outputs' to avoid re-running this script phase.\necho \"SUCCESS\" > \"${SCRIPT_OUTPUT_FILE_0}\"\n";
			showEnvVarsInLog = 0;
		};
		5255AE4979595898070E3121 /* [CP] Check Pods Manifest.lock */ = {
			isa = PBXShellScriptBuildPhase;
			buildActionMask = 2147483647;
			files = (
			);
			inputFileListPaths = (
			);
			inputPaths = (
				"${PODS_PODFILE_DIR_PATH}/Podfile.lock",
				"${PODS_ROOT}/Manifest.lock",
			);
			name = "[CP] Check Pods Manifest.lock";
			outputFileListPaths = (
			);
			outputPaths = (
				"$(DERIVED_FILE_DIR)/Pods-All-PhotoKeyboardExOrigin-checkManifestLockResult.txt",
			);
			runOnlyForDeploymentPostprocessing = 0;
			shellPath = /bin/sh;
			shellScript = "diff \"${PODS_PODFILE_DIR_PATH}/Podfile.lock\" \"${PODS_ROOT}/Manifest.lock\" > /dev/null\nif [ $? != 0 ] ; then\n    # print error to STDERR\n    echo \"error: The sandbox is not in sync with the Podfile.lock. Run 'pod install' or update your CocoaPods installation.\" >&2\n    exit 1\nfi\n# This output is used by Xcode 'outputs' to avoid re-running this script phase.\necho \"SUCCESS\" > \"${SCRIPT_OUTPUT_FILE_0}\"\n";
			showEnvVarsInLog = 0;
		};
		5E245C9A4CF51403180D259C /* [CP] Embed Pods Frameworks */ = {
			isa = PBXShellScriptBuildPhase;
			buildActionMask = 2147483647;
			files = (
			);
			inputFileListPaths = (
				"${PODS_ROOT}/Target Support Files/Pods-All-PhotoKeyboardEx/Pods-All-PhotoKeyboardEx-frameworks-${CONFIGURATION}-input-files.xcfilelist",
			);
			name = "[CP] Embed Pods Frameworks";
			outputFileListPaths = (
				"${PODS_ROOT}/Target Support Files/Pods-All-PhotoKeyboardEx/Pods-All-PhotoKeyboardEx-frameworks-${CONFIGURATION}-output-files.xcfilelist",
			);
			runOnlyForDeploymentPostprocessing = 0;
			shellPath = /bin/sh;
			shellScript = "\"${PODS_ROOT}/Target Support Files/Pods-All-PhotoKeyboardEx/Pods-All-PhotoKeyboardEx-frameworks.sh\"\n";
			showEnvVarsInLog = 0;
		};
		80B5B302B3D8DC4455C35129 /* [CP] Check Pods Manifest.lock */ = {
			isa = PBXShellScriptBuildPhase;
			buildActionMask = 2147483647;
			files = (
			);
			inputFileListPaths = (
			);
			inputPaths = (
				"${PODS_PODFILE_DIR_PATH}/Podfile.lock",
				"${PODS_ROOT}/Manifest.lock",
			);
			name = "[CP] Check Pods Manifest.lock";
			outputFileListPaths = (
			);
			outputPaths = (
				"$(DERIVED_FILE_DIR)/Pods-All-PhotoKeyboardFramework-checkManifestLockResult.txt",
			);
			runOnlyForDeploymentPostprocessing = 0;
			shellPath = /bin/sh;
			shellScript = "diff \"${PODS_PODFILE_DIR_PATH}/Podfile.lock\" \"${PODS_ROOT}/Manifest.lock\" > /dev/null\nif [ $? != 0 ] ; then\n    # print error to STDERR\n    echo \"error: The sandbox is not in sync with the Podfile.lock. Run 'pod install' or update your CocoaPods installation.\" >&2\n    exit 1\nfi\n# This output is used by Xcode 'outputs' to avoid re-running this script phase.\necho \"SUCCESS\" > \"${SCRIPT_OUTPUT_FILE_0}\"\n";
			showEnvVarsInLog = 0;
		};
		F6995B4C4175FD3BEF373FF1 /* [CP] Check Pods Manifest.lock */ = {
			isa = PBXShellScriptBuildPhase;
			buildActionMask = 2147483647;
			files = (
			);
			inputFileListPaths = (
			);
			inputPaths = (
				"${PODS_PODFILE_DIR_PATH}/Podfile.lock",
				"${PODS_ROOT}/Manifest.lock",
			);
			name = "[CP] Check Pods Manifest.lock";
			outputFileListPaths = (
			);
			outputPaths = (
				"$(DERIVED_FILE_DIR)/Pods-PhotoKeyboardExUITests-checkManifestLockResult.txt",
			);
			runOnlyForDeploymentPostprocessing = 0;
			shellPath = /bin/sh;
			shellScript = "diff \"${PODS_PODFILE_DIR_PATH}/Podfile.lock\" \"${PODS_ROOT}/Manifest.lock\" > /dev/null\nif [ $? != 0 ] ; then\n    # print error to STDERR\n    echo \"error: The sandbox is not in sync with the Podfile.lock. Run 'pod install' or update your CocoaPods installation.\" >&2\n    exit 1\nfi\n# This output is used by Xcode 'outputs' to avoid re-running this script phase.\necho \"SUCCESS\" > \"${SCRIPT_OUTPUT_FILE_0}\"\n";
			showEnvVarsInLog = 0;
		};
/* End PBXShellScriptBuildPhase section */

/* Begin PBXSourcesBuildPhase section */
		8278D13222EE5A700034C2CC /* Sources */ = {
			isa = PBXSourcesBuildPhase;
			buildActionMask = 2147483647;
			files = (
				82F9F3F222F636FE0062F451 /* Extension.swift in Sources */,
				82EA8924232A8E380022832E /* UpdateExtention.swift in Sources */,
				82F9F3F022F589400062F451 /* MainMenuTableViewController.swift in Sources */,
				821ABDDE230F80D900B3DCFE /* WelcomeViewController.swift in Sources */,
				8280C04522F47D400069BF8B /* MainTabViewController.swift in Sources */,
				8280C04222F455170069BF8B /* PhotoCollectionViewCell.swift in Sources */,
				821ABDDA230C642A00B3DCFE /* UsageViewController.swift in Sources */,
				8278D13A22EE5A700034C2CC /* AppDelegate.swift in Sources */,
				824E1FC622FF79D2007D0883 /* FirePhoto.swift in Sources */,
				82F9F3EE22F588290062F451 /* MainNavigationViewController.swift in Sources */,
				8280C04722F481420069BF8B /* ChildContentViewController.swift in Sources */,
				8280C03F22F454D20069BF8B /* AddViewController.swift in Sources */,
			);
			runOnlyForDeploymentPostprocessing = 0;
		};
		8278D14622EE5A730034C2CC /* Sources */ = {
			isa = PBXSourcesBuildPhase;
			buildActionMask = 2147483647;
			files = (
				8278D14F22EE5A730034C2CC /* PhotoKeyboardExTests.swift in Sources */,
			);
			runOnlyForDeploymentPostprocessing = 0;
		};
		8278D15122EE5A730034C2CC /* Sources */ = {
			isa = PBXSourcesBuildPhase;
			buildActionMask = 2147483647;
			files = (
				8278D15A22EE5A730034C2CC /* PhotoKeyboardExUITests.swift in Sources */,
			);
			runOnlyForDeploymentPostprocessing = 0;
		};
		8278D16722EE5AC30034C2CC /* Sources */ = {
			isa = PBXSourcesBuildPhase;
			buildActionMask = 2147483647;
			files = (
				82725B7023421E5100CEA27F /* TextCollectionViewCell.swift in Sources */,
				8258686322F2302D002941F4 /* KeyboardViewController.swift in Sources */,
				8258686922F2302D002941F4 /* PhotoCollectionViewCell.swift in Sources */,
				8280C03B22F24DE20069BF8B /* ColorManager.swift in Sources */,
			);
			runOnlyForDeploymentPostprocessing = 0;
		};
		82EA8965232D53530022832E /* Sources */ = {
			isa = PBXSourcesBuildPhase;
			buildActionMask = 2147483647;
			files = (
				82EA896C232D53530022832E /* NotificationService.swift in Sources */,
			);
			runOnlyForDeploymentPostprocessing = 0;
		};
		82F9F3F622F6B2610062F451 /* Sources */ = {
			isa = PBXSourcesBuildPhase;
			buildActionMask = 2147483647;
			files = (
				8221370B2304D1A60046E095 /* Extension.swift in Sources */,
				821ABDDC230EC43E00B3DCFE /* DefaultsKeys.swift in Sources */,
				82EA891A2328D7280022832E /* CommonUtil.swift in Sources */,
				82F9F41922F6B2920062F451 /* Photo.swift in Sources */,
				826D657F22F831B500F66583 /* RealmManager.swift in Sources */,
				82BB3A582328D49A003D830B /* LocalizeKey.swift in Sources */,
				822137092302F1560046E095 /* GenreTag.swift in Sources */,
				823FA91622FC39D10041F145 /* ColorMG.swift in Sources */,
			);
			runOnlyForDeploymentPostprocessing = 0;
		};
		82F9F3FE22F6B2610062F451 /* Sources */ = {
			isa = PBXSourcesBuildPhase;
			buildActionMask = 2147483647;
			files = (
				82F9F40A22F6B2610062F451 /* PhotoKeyboardFrameworkTests.swift in Sources */,
			);
			runOnlyForDeploymentPostprocessing = 0;
		};
/* End PBXSourcesBuildPhase section */

/* Begin PBXTargetDependency section */
		8278D14C22EE5A730034C2CC /* PBXTargetDependency */ = {
			isa = PBXTargetDependency;
			target = 8278D13522EE5A700034C2CC /* PhotoKeyboardEx */;
			targetProxy = 8278D14B22EE5A730034C2CC /* PBXContainerItemProxy */;
		};
		8278D15722EE5A730034C2CC /* PBXTargetDependency */ = {
			isa = PBXTargetDependency;
			target = 8278D13522EE5A700034C2CC /* PhotoKeyboardEx */;
			targetProxy = 8278D15622EE5A730034C2CC /* PBXContainerItemProxy */;
		};
		8278D17122EE5AC30034C2CC /* PBXTargetDependency */ = {
			isa = PBXTargetDependency;
			target = 8278D16A22EE5AC30034C2CC /* PhotoKeyboardExOrigin */;
			targetProxy = 8278D17022EE5AC30034C2CC /* PBXContainerItemProxy */;
		};
		82EA896F232D53540022832E /* PBXTargetDependency */ = {
			isa = PBXTargetDependency;
			target = 82EA8968232D53530022832E /* ServiceNotification */;
			targetProxy = 82EA896E232D53540022832E /* PBXContainerItemProxy */;
		};
		82F9F40522F6B2610062F451 /* PBXTargetDependency */ = {
			isa = PBXTargetDependency;
			target = 82F9F3F922F6B2610062F451 /* PhotoKeyboardFramework */;
			targetProxy = 82F9F40422F6B2610062F451 /* PBXContainerItemProxy */;
		};
		82F9F40722F6B2610062F451 /* PBXTargetDependency */ = {
			isa = PBXTargetDependency;
			target = 8278D13522EE5A700034C2CC /* PhotoKeyboardEx */;
			targetProxy = 82F9F40622F6B2610062F451 /* PBXContainerItemProxy */;
		};
		82F9F40E22F6B2610062F451 /* PBXTargetDependency */ = {
			isa = PBXTargetDependency;
			target = 82F9F3F922F6B2610062F451 /* PhotoKeyboardFramework */;
			targetProxy = 82F9F40D22F6B2610062F451 /* PBXContainerItemProxy */;
		};
/* End PBXTargetDependency section */

/* Begin PBXVariantGroup section */
		8278D13D22EE5A700034C2CC /* Main.storyboard */ = {
			isa = PBXVariantGroup;
			children = (
				8278D13E22EE5A700034C2CC /* Base */,
				82EA891D2328D7A20022832E /* ja */,
			);
			name = Main.storyboard;
			sourceTree = "<group>";
		};
		8278D14222EE5A730034C2CC /* LaunchScreen.storyboard */ = {
			isa = PBXVariantGroup;
			children = (
				8278D14322EE5A730034C2CC /* Base */,
				82EA891E2328D7A40022832E /* ja */,
			);
			name = LaunchScreen.storyboard;
			sourceTree = "<group>";
		};
		82EA89212328D7E10022832E /* Localizable.strings */ = {
			isa = PBXVariantGroup;
			children = (
				82EA89202328D7E10022832E /* en */,
				82EA89222328D7FC0022832E /* ja */,
			);
			name = Localizable.strings;
			sourceTree = "<group>";
		};
/* End PBXVariantGroup section */

/* Begin XCBuildConfiguration section */
		8278D15C22EE5A730034C2CC /* Debug */ = {
			isa = XCBuildConfiguration;
			buildSettings = {
				ALWAYS_SEARCH_USER_PATHS = NO;
				CLANG_ANALYZER_LOCALIZABILITY_NONLOCALIZED = YES;
				CLANG_ANALYZER_NONNULL = YES;
				CLANG_ANALYZER_NUMBER_OBJECT_CONVERSION = YES_AGGRESSIVE;
				CLANG_CXX_LANGUAGE_STANDARD = "gnu++14";
				CLANG_CXX_LIBRARY = "libc++";
				CLANG_ENABLE_MODULES = YES;
				CLANG_ENABLE_OBJC_ARC = YES;
				CLANG_ENABLE_OBJC_WEAK = YES;
				CLANG_WARN_BLOCK_CAPTURE_AUTORELEASING = YES;
				CLANG_WARN_BOOL_CONVERSION = YES;
				CLANG_WARN_COMMA = YES;
				CLANG_WARN_CONSTANT_CONVERSION = YES;
				CLANG_WARN_DEPRECATED_OBJC_IMPLEMENTATIONS = YES;
				CLANG_WARN_DIRECT_OBJC_ISA_USAGE = YES_ERROR;
				CLANG_WARN_DOCUMENTATION_COMMENTS = YES;
				CLANG_WARN_EMPTY_BODY = YES;
				CLANG_WARN_ENUM_CONVERSION = YES;
				CLANG_WARN_INFINITE_RECURSION = YES;
				CLANG_WARN_INT_CONVERSION = YES;
				CLANG_WARN_NON_LITERAL_NULL_CONVERSION = YES;
				CLANG_WARN_OBJC_IMPLICIT_RETAIN_SELF = YES;
				CLANG_WARN_OBJC_LITERAL_CONVERSION = YES;
				CLANG_WARN_OBJC_ROOT_CLASS = YES_ERROR;
				CLANG_WARN_RANGE_LOOP_ANALYSIS = YES;
				CLANG_WARN_STRICT_PROTOTYPES = YES;
				CLANG_WARN_SUSPICIOUS_MOVE = YES;
				CLANG_WARN_UNGUARDED_AVAILABILITY = YES_AGGRESSIVE;
				CLANG_WARN_UNREACHABLE_CODE = YES;
				CLANG_WARN__DUPLICATE_METHOD_MATCH = YES;
				CODE_SIGN_IDENTITY = "iPhone Developer";
				COPY_PHASE_STRIP = NO;
				DEBUG_INFORMATION_FORMAT = dwarf;
				ENABLE_STRICT_OBJC_MSGSEND = YES;
				ENABLE_TESTABILITY = YES;
				GCC_C_LANGUAGE_STANDARD = gnu11;
				GCC_DYNAMIC_NO_PIC = NO;
				GCC_NO_COMMON_BLOCKS = YES;
				GCC_OPTIMIZATION_LEVEL = 0;
				GCC_PREPROCESSOR_DEFINITIONS = (
					"DEBUG=1",
					"$(inherited)",
				);
				GCC_WARN_64_TO_32_BIT_CONVERSION = YES;
				GCC_WARN_ABOUT_RETURN_TYPE = YES_ERROR;
				GCC_WARN_UNDECLARED_SELECTOR = YES;
				GCC_WARN_UNINITIALIZED_AUTOS = YES_AGGRESSIVE;
				GCC_WARN_UNUSED_FUNCTION = YES;
				GCC_WARN_UNUSED_VARIABLE = YES;
				IPHONEOS_DEPLOYMENT_TARGET = 12.0;
				MTL_ENABLE_DEBUG_INFO = INCLUDE_SOURCE;
				MTL_FAST_MATH = YES;
				ONLY_ACTIVE_ARCH = YES;
				SDKROOT = iphoneos;
				SWIFT_ACTIVE_COMPILATION_CONDITIONS = DEBUG;
				SWIFT_OPTIMIZATION_LEVEL = "-Onone";
			};
			name = Debug;
		};
		8278D15D22EE5A730034C2CC /* Release */ = {
			isa = XCBuildConfiguration;
			buildSettings = {
				ALWAYS_SEARCH_USER_PATHS = NO;
				CLANG_ANALYZER_LOCALIZABILITY_NONLOCALIZED = YES;
				CLANG_ANALYZER_NONNULL = YES;
				CLANG_ANALYZER_NUMBER_OBJECT_CONVERSION = YES_AGGRESSIVE;
				CLANG_CXX_LANGUAGE_STANDARD = "gnu++14";
				CLANG_CXX_LIBRARY = "libc++";
				CLANG_ENABLE_MODULES = YES;
				CLANG_ENABLE_OBJC_ARC = YES;
				CLANG_ENABLE_OBJC_WEAK = YES;
				CLANG_WARN_BLOCK_CAPTURE_AUTORELEASING = YES;
				CLANG_WARN_BOOL_CONVERSION = YES;
				CLANG_WARN_COMMA = YES;
				CLANG_WARN_CONSTANT_CONVERSION = YES;
				CLANG_WARN_DEPRECATED_OBJC_IMPLEMENTATIONS = YES;
				CLANG_WARN_DIRECT_OBJC_ISA_USAGE = YES_ERROR;
				CLANG_WARN_DOCUMENTATION_COMMENTS = YES;
				CLANG_WARN_EMPTY_BODY = YES;
				CLANG_WARN_ENUM_CONVERSION = YES;
				CLANG_WARN_INFINITE_RECURSION = YES;
				CLANG_WARN_INT_CONVERSION = YES;
				CLANG_WARN_NON_LITERAL_NULL_CONVERSION = YES;
				CLANG_WARN_OBJC_IMPLICIT_RETAIN_SELF = YES;
				CLANG_WARN_OBJC_LITERAL_CONVERSION = YES;
				CLANG_WARN_OBJC_ROOT_CLASS = YES_ERROR;
				CLANG_WARN_RANGE_LOOP_ANALYSIS = YES;
				CLANG_WARN_STRICT_PROTOTYPES = YES;
				CLANG_WARN_SUSPICIOUS_MOVE = YES;
				CLANG_WARN_UNGUARDED_AVAILABILITY = YES_AGGRESSIVE;
				CLANG_WARN_UNREACHABLE_CODE = YES;
				CLANG_WARN__DUPLICATE_METHOD_MATCH = YES;
				CODE_SIGN_IDENTITY = "iPhone Developer";
				COPY_PHASE_STRIP = NO;
				DEBUG_INFORMATION_FORMAT = "dwarf-with-dsym";
				ENABLE_NS_ASSERTIONS = NO;
				ENABLE_STRICT_OBJC_MSGSEND = YES;
				GCC_C_LANGUAGE_STANDARD = gnu11;
				GCC_NO_COMMON_BLOCKS = YES;
				GCC_WARN_64_TO_32_BIT_CONVERSION = YES;
				GCC_WARN_ABOUT_RETURN_TYPE = YES_ERROR;
				GCC_WARN_UNDECLARED_SELECTOR = YES;
				GCC_WARN_UNINITIALIZED_AUTOS = YES_AGGRESSIVE;
				GCC_WARN_UNUSED_FUNCTION = YES;
				GCC_WARN_UNUSED_VARIABLE = YES;
				IPHONEOS_DEPLOYMENT_TARGET = 12.0;
				MTL_ENABLE_DEBUG_INFO = NO;
				MTL_FAST_MATH = YES;
				SDKROOT = iphoneos;
				SWIFT_COMPILATION_MODE = wholemodule;
				SWIFT_OPTIMIZATION_LEVEL = "-O";
				VALIDATE_PRODUCT = YES;
			};
			name = Release;
		};
		8278D15F22EE5A730034C2CC /* Debug */ = {
			isa = XCBuildConfiguration;
			baseConfigurationReference = 56B00A1AB1A8449F04A7F802 /* Pods-All-PhotoKeyboardEx.debug.xcconfig */;
			buildSettings = {
				ALWAYS_EMBED_SWIFT_STANDARD_LIBRARIES = YES;
				ASSETCATALOG_COMPILER_APPICON_NAME = AppIcon;
				CODE_SIGN_ENTITLEMENTS = PhotoKeyboardEx/PhotoKeyboardEx.entitlements;
				CODE_SIGN_STYLE = Automatic;
				CURRENT_PROJECT_VERSION = 1.0.7;
				DEVELOPMENT_TEAM = 48KBV2T232;
				INFOPLIST_FILE = PhotoKeyboardEx/Info.plist;
				IPHONEOS_DEPLOYMENT_TARGET = 12.0;
				LD_RUNPATH_SEARCH_PATHS = (
					"$(inherited)",
					"@executable_path/Frameworks",
				);
				MARKETING_VERSION = 1.0.7;
				PRODUCT_BUNDLE_IDENTIFIER = bocchi.PhotoKeyboardEx;
				PRODUCT_NAME = "$(TARGET_NAME)";
				SWIFT_VERSION = 5.0;
				TARGETED_DEVICE_FAMILY = "1,2";
			};
			name = Debug;
		};
		8278D16022EE5A730034C2CC /* Release */ = {
			isa = XCBuildConfiguration;
			baseConfigurationReference = 2A2D47D0F2B6C86C2D4F25A8 /* Pods-All-PhotoKeyboardEx.release.xcconfig */;
			buildSettings = {
				ALWAYS_EMBED_SWIFT_STANDARD_LIBRARIES = YES;
				ASSETCATALOG_COMPILER_APPICON_NAME = AppIcon;
				CODE_SIGN_ENTITLEMENTS = PhotoKeyboardEx/PhotoKeyboardEx.entitlements;
				CODE_SIGN_STYLE = Automatic;
				CURRENT_PROJECT_VERSION = 1.0.7;
				DEVELOPMENT_TEAM = 48KBV2T232;
				INFOPLIST_FILE = PhotoKeyboardEx/Info.plist;
				IPHONEOS_DEPLOYMENT_TARGET = 12.0;
				LD_RUNPATH_SEARCH_PATHS = (
					"$(inherited)",
					"@executable_path/Frameworks",
				);
				MARKETING_VERSION = 1.0.7;
				PRODUCT_BUNDLE_IDENTIFIER = bocchi.PhotoKeyboardEx;
				PRODUCT_NAME = "$(TARGET_NAME)";
				SWIFT_VERSION = 5.0;
				TARGETED_DEVICE_FAMILY = "1,2";
			};
			name = Release;
		};
		8278D16222EE5A730034C2CC /* Debug */ = {
			isa = XCBuildConfiguration;
			baseConfigurationReference = 956D55CCA95EADEBC3D685B5 /* Pods-PhotoKeyboardExTests.debug.xcconfig */;
			buildSettings = {
				ALWAYS_EMBED_SWIFT_STANDARD_LIBRARIES = YES;
				BUNDLE_LOADER = "$(TEST_HOST)";
				CODE_SIGN_STYLE = Automatic;
				DEVELOPMENT_TEAM = 48KBV2T232;
				INFOPLIST_FILE = PhotoKeyboardExTests/Info.plist;
				LD_RUNPATH_SEARCH_PATHS = (
					"$(inherited)",
					"@executable_path/Frameworks",
					"@loader_path/Frameworks",
				);
				PRODUCT_BUNDLE_IDENTIFIER = bocchi.PhotoKeyboardExTests;
				PRODUCT_NAME = "$(TARGET_NAME)";
				SWIFT_VERSION = 5.0;
				TARGETED_DEVICE_FAMILY = "1,2";
				TEST_HOST = "$(BUILT_PRODUCTS_DIR)/PhotoKeyboardEx.app/PhotoKeyboardEx";
			};
			name = Debug;
		};
		8278D16322EE5A730034C2CC /* Release */ = {
			isa = XCBuildConfiguration;
			baseConfigurationReference = 52A3039611AC00C29BB06F50 /* Pods-PhotoKeyboardExTests.release.xcconfig */;
			buildSettings = {
				ALWAYS_EMBED_SWIFT_STANDARD_LIBRARIES = YES;
				BUNDLE_LOADER = "$(TEST_HOST)";
				CODE_SIGN_STYLE = Automatic;
				DEVELOPMENT_TEAM = 48KBV2T232;
				INFOPLIST_FILE = PhotoKeyboardExTests/Info.plist;
				LD_RUNPATH_SEARCH_PATHS = (
					"$(inherited)",
					"@executable_path/Frameworks",
					"@loader_path/Frameworks",
				);
				PRODUCT_BUNDLE_IDENTIFIER = bocchi.PhotoKeyboardExTests;
				PRODUCT_NAME = "$(TARGET_NAME)";
				SWIFT_VERSION = 5.0;
				TARGETED_DEVICE_FAMILY = "1,2";
				TEST_HOST = "$(BUILT_PRODUCTS_DIR)/PhotoKeyboardEx.app/PhotoKeyboardEx";
			};
			name = Release;
		};
		8278D16522EE5A730034C2CC /* Debug */ = {
			isa = XCBuildConfiguration;
			baseConfigurationReference = D11D546A63A2549769BD1719 /* Pods-PhotoKeyboardExUITests.debug.xcconfig */;
			buildSettings = {
				ALWAYS_EMBED_SWIFT_STANDARD_LIBRARIES = YES;
				CODE_SIGN_STYLE = Automatic;
				DEVELOPMENT_TEAM = 48KBV2T232;
				INFOPLIST_FILE = PhotoKeyboardExUITests/Info.plist;
				LD_RUNPATH_SEARCH_PATHS = (
					"$(inherited)",
					"@executable_path/Frameworks",
					"@loader_path/Frameworks",
				);
				PRODUCT_BUNDLE_IDENTIFIER = bocchi.PhotoKeyboardExUITests;
				PRODUCT_NAME = "$(TARGET_NAME)";
				SWIFT_VERSION = 5.0;
				TARGETED_DEVICE_FAMILY = "1,2";
				TEST_TARGET_NAME = PhotoKeyboardEx;
			};
			name = Debug;
		};
		8278D16622EE5A730034C2CC /* Release */ = {
			isa = XCBuildConfiguration;
			baseConfigurationReference = 40374A8F9A55BA39E8E301A4 /* Pods-PhotoKeyboardExUITests.release.xcconfig */;
			buildSettings = {
				ALWAYS_EMBED_SWIFT_STANDARD_LIBRARIES = YES;
				CODE_SIGN_STYLE = Automatic;
				DEVELOPMENT_TEAM = 48KBV2T232;
				INFOPLIST_FILE = PhotoKeyboardExUITests/Info.plist;
				LD_RUNPATH_SEARCH_PATHS = (
					"$(inherited)",
					"@executable_path/Frameworks",
					"@loader_path/Frameworks",
				);
				PRODUCT_BUNDLE_IDENTIFIER = bocchi.PhotoKeyboardExUITests;
				PRODUCT_NAME = "$(TARGET_NAME)";
				SWIFT_VERSION = 5.0;
				TARGETED_DEVICE_FAMILY = "1,2";
				TEST_TARGET_NAME = PhotoKeyboardEx;
			};
			name = Release;
		};
		8278D17422EE5AC30034C2CC /* Debug */ = {
			isa = XCBuildConfiguration;
			baseConfigurationReference = 37A10C9370EACA7774D3AB24 /* Pods-All-PhotoKeyboardExOrigin.debug.xcconfig */;
			buildSettings = {
				CODE_SIGN_ENTITLEMENTS = PhotoKeyboardExOrigin/PhotoKeyboardExOrigin.entitlements;
				CODE_SIGN_STYLE = Automatic;
				CURRENT_PROJECT_VERSION = 1.0.7;
				DEVELOPMENT_TEAM = 48KBV2T232;
				INFOPLIST_FILE = PhotoKeyboardExOrigin/Info.plist;
				IPHONEOS_DEPLOYMENT_TARGET = 12.0;
				LD_RUNPATH_SEARCH_PATHS = (
					"$(inherited)",
					"@executable_path/Frameworks",
					"@executable_path/../../Frameworks",
				);
				MARKETING_VERSION = 1.0.7;
				PRODUCT_BUNDLE_IDENTIFIER = bocchi.PhotoKeyboardEx.PhotoKeyboardExOrigin;
				PRODUCT_NAME = "$(TARGET_NAME)";
				SKIP_INSTALL = YES;
				SWIFT_VERSION = 5.0;
				TARGETED_DEVICE_FAMILY = "1,2";
			};
			name = Debug;
		};
		8278D17522EE5AC30034C2CC /* Release */ = {
			isa = XCBuildConfiguration;
			baseConfigurationReference = 29FE4C5BC721AAB83A35F58D /* Pods-All-PhotoKeyboardExOrigin.release.xcconfig */;
			buildSettings = {
				CODE_SIGN_ENTITLEMENTS = PhotoKeyboardExOrigin/PhotoKeyboardExOrigin.entitlements;
				CODE_SIGN_STYLE = Automatic;
				CURRENT_PROJECT_VERSION = 1.0.7;
				DEVELOPMENT_TEAM = 48KBV2T232;
				INFOPLIST_FILE = PhotoKeyboardExOrigin/Info.plist;
				IPHONEOS_DEPLOYMENT_TARGET = 12.0;
				LD_RUNPATH_SEARCH_PATHS = (
					"$(inherited)",
					"@executable_path/Frameworks",
					"@executable_path/../../Frameworks",
				);
				MARKETING_VERSION = 1.0.7;
				PRODUCT_BUNDLE_IDENTIFIER = bocchi.PhotoKeyboardEx.PhotoKeyboardExOrigin;
				PRODUCT_NAME = "$(TARGET_NAME)";
				SKIP_INSTALL = YES;
				SWIFT_VERSION = 5.0;
				TARGETED_DEVICE_FAMILY = "1,2";
			};
			name = Release;
		};
		82EA8971232D53540022832E /* Debug */ = {
			isa = XCBuildConfiguration;
			buildSettings = {
				CODE_SIGN_IDENTITY = "iPhone Developer";
				CODE_SIGN_STYLE = Automatic;
				CURRENT_PROJECT_VERSION = 1.0.7;
				DEVELOPMENT_TEAM = 48KBV2T232;
				INFOPLIST_FILE = ServiceNotification/Info.plist;
				IPHONEOS_DEPLOYMENT_TARGET = 10.0;
				LD_RUNPATH_SEARCH_PATHS = (
					"$(inherited)",
					"@executable_path/Frameworks",
					"@executable_path/../../Frameworks",
				);
				MARKETING_VERSION = 1.0.7;
				PRODUCT_BUNDLE_IDENTIFIER = bocchi.PhotoKeyboardEx.ServiceNotification;
				PRODUCT_NAME = "$(TARGET_NAME)";
				PROVISIONING_PROFILE_SPECIFIER = "";
				SKIP_INSTALL = YES;
				SWIFT_VERSION = 5.0;
				TARGETED_DEVICE_FAMILY = "1,2";
			};
			name = Debug;
		};
		82EA8972232D53540022832E /* Release */ = {
			isa = XCBuildConfiguration;
			buildSettings = {
				CODE_SIGN_IDENTITY = "iPhone Developer";
				CODE_SIGN_STYLE = Automatic;
				CURRENT_PROJECT_VERSION = 1.0.7;
				DEVELOPMENT_TEAM = 48KBV2T232;
				INFOPLIST_FILE = ServiceNotification/Info.plist;
				IPHONEOS_DEPLOYMENT_TARGET = 10.0;
				LD_RUNPATH_SEARCH_PATHS = (
					"$(inherited)",
					"@executable_path/Frameworks",
					"@executable_path/../../Frameworks",
				);
				MARKETING_VERSION = 1.0.7;
				PRODUCT_BUNDLE_IDENTIFIER = bocchi.PhotoKeyboardEx.ServiceNotification;
				PRODUCT_NAME = "$(TARGET_NAME)";
				PROVISIONING_PROFILE_SPECIFIER = "";
				SKIP_INSTALL = YES;
				SWIFT_VERSION = 5.0;
				TARGETED_DEVICE_FAMILY = "1,2";
			};
			name = Release;
		};
		82F9F41122F6B2610062F451 /* Debug */ = {
			isa = XCBuildConfiguration;
			baseConfigurationReference = B2CD32EF776C8A054A8B5991 /* Pods-All-PhotoKeyboardFramework.debug.xcconfig */;
			buildSettings = {
				APPLICATION_EXTENSION_API_ONLY = YES;
				CLANG_ENABLE_MODULES = YES;
				CODE_SIGN_IDENTITY = "";
				CODE_SIGN_STYLE = Automatic;
				CURRENT_PROJECT_VERSION = 1;
				DEFINES_MODULE = YES;
				DEVELOPMENT_TEAM = 48KBV2T232;
				DYLIB_COMPATIBILITY_VERSION = 1;
				DYLIB_CURRENT_VERSION = 1;
				DYLIB_INSTALL_NAME_BASE = "@rpath";
				INFOPLIST_FILE = PhotoKeyboardFramework/Info.plist;
				INSTALL_PATH = "$(LOCAL_LIBRARY_DIR)/Frameworks";
				IPHONEOS_DEPLOYMENT_TARGET = 12.0;
				LD_RUNPATH_SEARCH_PATHS = (
					"$(inherited)",
					"@executable_path/Frameworks",
					"@loader_path/Frameworks",
				);
				MARKETING_VERSION = 1.0.7;
				PRODUCT_BUNDLE_IDENTIFIER = bocchi.PhotoKeyboardFramework;
				PRODUCT_NAME = "$(TARGET_NAME:c99extidentifier)";
				SKIP_INSTALL = YES;
				SWIFT_OPTIMIZATION_LEVEL = "-Onone";
				SWIFT_VERSION = 5.0;
				TARGETED_DEVICE_FAMILY = "1,2";
				VERSIONING_SYSTEM = "apple-generic";
				VERSION_INFO_PREFIX = "";
			};
			name = Debug;
		};
		82F9F41222F6B2610062F451 /* Release */ = {
			isa = XCBuildConfiguration;
			baseConfigurationReference = 8ECB87474166E1BAC3F3E565 /* Pods-All-PhotoKeyboardFramework.release.xcconfig */;
			buildSettings = {
				APPLICATION_EXTENSION_API_ONLY = YES;
				CLANG_ENABLE_MODULES = YES;
				CODE_SIGN_IDENTITY = "";
				CODE_SIGN_STYLE = Automatic;
				CURRENT_PROJECT_VERSION = 1;
				DEFINES_MODULE = YES;
				DEVELOPMENT_TEAM = 48KBV2T232;
				DYLIB_COMPATIBILITY_VERSION = 1;
				DYLIB_CURRENT_VERSION = 1;
				DYLIB_INSTALL_NAME_BASE = "@rpath";
				INFOPLIST_FILE = PhotoKeyboardFramework/Info.plist;
				INSTALL_PATH = "$(LOCAL_LIBRARY_DIR)/Frameworks";
				IPHONEOS_DEPLOYMENT_TARGET = 12.0;
				LD_RUNPATH_SEARCH_PATHS = (
					"$(inherited)",
					"@executable_path/Frameworks",
					"@loader_path/Frameworks",
				);
				MARKETING_VERSION = 1.0.7;
				PRODUCT_BUNDLE_IDENTIFIER = bocchi.PhotoKeyboardFramework;
				PRODUCT_NAME = "$(TARGET_NAME:c99extidentifier)";
				SKIP_INSTALL = YES;
				SWIFT_VERSION = 5.0;
				TARGETED_DEVICE_FAMILY = "1,2";
				VERSIONING_SYSTEM = "apple-generic";
				VERSION_INFO_PREFIX = "";
			};
			name = Release;
		};
		82F9F41322F6B2610062F451 /* Debug */ = {
			isa = XCBuildConfiguration;
			buildSettings = {
				ALWAYS_EMBED_SWIFT_STANDARD_LIBRARIES = YES;
				CODE_SIGN_STYLE = Automatic;
				DEVELOPMENT_TEAM = 48KBV2T232;
				INFOPLIST_FILE = PhotoKeyboardFrameworkTests/Info.plist;
				LD_RUNPATH_SEARCH_PATHS = (
					"$(inherited)",
					"@executable_path/Frameworks",
					"@loader_path/Frameworks",
				);
				PRODUCT_BUNDLE_IDENTIFIER = bocchi.PhotoKeyboardFrameworkTests;
				PRODUCT_NAME = "$(TARGET_NAME)";
				SWIFT_VERSION = 5.0;
				TARGETED_DEVICE_FAMILY = "1,2";
				TEST_HOST = "$(BUILT_PRODUCTS_DIR)/PhotoKeyboardEx.app/PhotoKeyboardEx";
			};
			name = Debug;
		};
		82F9F41422F6B2610062F451 /* Release */ = {
			isa = XCBuildConfiguration;
			buildSettings = {
				ALWAYS_EMBED_SWIFT_STANDARD_LIBRARIES = YES;
				CODE_SIGN_STYLE = Automatic;
				DEVELOPMENT_TEAM = 48KBV2T232;
				INFOPLIST_FILE = PhotoKeyboardFrameworkTests/Info.plist;
				LD_RUNPATH_SEARCH_PATHS = (
					"$(inherited)",
					"@executable_path/Frameworks",
					"@loader_path/Frameworks",
				);
				PRODUCT_BUNDLE_IDENTIFIER = bocchi.PhotoKeyboardFrameworkTests;
				PRODUCT_NAME = "$(TARGET_NAME)";
				SWIFT_VERSION = 5.0;
				TARGETED_DEVICE_FAMILY = "1,2";
				TEST_HOST = "$(BUILT_PRODUCTS_DIR)/PhotoKeyboardEx.app/PhotoKeyboardEx";
			};
			name = Release;
		};
/* End XCBuildConfiguration section */

/* Begin XCConfigurationList section */
		8278D13122EE5A700034C2CC /* Build configuration list for PBXProject "PhotoKeyboardEx" */ = {
			isa = XCConfigurationList;
			buildConfigurations = (
				8278D15C22EE5A730034C2CC /* Debug */,
				8278D15D22EE5A730034C2CC /* Release */,
			);
			defaultConfigurationIsVisible = 0;
			defaultConfigurationName = Release;
		};
		8278D15E22EE5A730034C2CC /* Build configuration list for PBXNativeTarget "PhotoKeyboardEx" */ = {
			isa = XCConfigurationList;
			buildConfigurations = (
				8278D15F22EE5A730034C2CC /* Debug */,
				8278D16022EE5A730034C2CC /* Release */,
			);
			defaultConfigurationIsVisible = 0;
			defaultConfigurationName = Release;
		};
		8278D16122EE5A730034C2CC /* Build configuration list for PBXNativeTarget "PhotoKeyboardExTests" */ = {
			isa = XCConfigurationList;
			buildConfigurations = (
				8278D16222EE5A730034C2CC /* Debug */,
				8278D16322EE5A730034C2CC /* Release */,
			);
			defaultConfigurationIsVisible = 0;
			defaultConfigurationName = Release;
		};
		8278D16422EE5A730034C2CC /* Build configuration list for PBXNativeTarget "PhotoKeyboardExUITests" */ = {
			isa = XCConfigurationList;
			buildConfigurations = (
				8278D16522EE5A730034C2CC /* Debug */,
				8278D16622EE5A730034C2CC /* Release */,
			);
			defaultConfigurationIsVisible = 0;
			defaultConfigurationName = Release;
		};
		8278D17322EE5AC30034C2CC /* Build configuration list for PBXNativeTarget "PhotoKeyboardExOrigin" */ = {
			isa = XCConfigurationList;
			buildConfigurations = (
				8278D17422EE5AC30034C2CC /* Debug */,
				8278D17522EE5AC30034C2CC /* Release */,
			);
			defaultConfigurationIsVisible = 0;
			defaultConfigurationName = Release;
		};
		82EA8973232D53540022832E /* Build configuration list for PBXNativeTarget "ServiceNotification" */ = {
			isa = XCConfigurationList;
			buildConfigurations = (
				82EA8971232D53540022832E /* Debug */,
				82EA8972232D53540022832E /* Release */,
			);
			defaultConfigurationIsVisible = 0;
			defaultConfigurationName = Release;
		};
		82F9F41522F6B2610062F451 /* Build configuration list for PBXNativeTarget "PhotoKeyboardFramework" */ = {
			isa = XCConfigurationList;
			buildConfigurations = (
				82F9F41122F6B2610062F451 /* Debug */,
				82F9F41222F6B2610062F451 /* Release */,
			);
			defaultConfigurationIsVisible = 0;
			defaultConfigurationName = Release;
		};
		82F9F41722F6B2610062F451 /* Build configuration list for PBXNativeTarget "PhotoKeyboardFrameworkTests" */ = {
			isa = XCConfigurationList;
			buildConfigurations = (
				82F9F41322F6B2610062F451 /* Debug */,
				82F9F41422F6B2610062F451 /* Release */,
			);
			defaultConfigurationIsVisible = 0;
			defaultConfigurationName = Release;
		};
/* End XCConfigurationList section */
	};
	rootObject = 8278D12E22EE5A700034C2CC /* Project object */;
}
